// !$*UTF8*$!
{
	archiveVersion = 1;
	classes = {
	};
	objectVersion = 46;
	objects = {

/* Begin PBXBuildFile section */
		9A06D7171FA2A7A5007FEB1B /* Images.xcassets in Resources */ = {isa = PBXBuildFile; fileRef = 9A06D70F1FA2A7A5007FEB1B /* Images.xcassets */; };
		9A06D71B1FA2A7A5007FEB1B /* main.cpp in Sources */ = {isa = PBXBuildFile; fileRef = 9A06D7131FA2A7A5007FEB1B /* main.cpp */; };
/* End PBXBuildFile section */

/* Begin PBXContainerItemProxy section */
		9A163CA524CD573C0095487D /* PBXContainerItemProxy */ = {
			isa = PBXContainerItemProxy;
			containerPortal = 9A163C9F24CD573C0095487D /* app_ca2_quasar_science_update_utility.xcodeproj */;
			proxyType = 2;
			remoteGlobalIDString = 9AEB75A316F78DF10085103B;
			remoteInfo = app_core_hellomultiverse;
		};
		9A163CA724CD573C0095487D /* PBXContainerItemProxy */ = {
			isa = PBXContainerItemProxy;
			containerPortal = 9A163C9F24CD573C0095487D /* app_ca2_quasar_science_update_utility.xcodeproj */;
			proxyType = 2;
			remoteGlobalIDString = 9AE24E8A1904CFFD001AEFFB;
			remoteInfo = ios_app_core_hellomultiverse;
		};
		9A163CA924CD573C0095487D /* PBXContainerItemProxy */ = {
			isa = PBXContainerItemProxy;
			containerPortal = 9A163C9F24CD573C0095487D /* app_ca2_quasar_science_update_utility.xcodeproj */;
			proxyType = 2;
			remoteGlobalIDString = 9AE24E991904CFFD001AEFFB;
			remoteInfo = app_core_hellomultiverse_iosTests;
		};
/* End PBXContainerItemProxy section */

/* Begin PBXCopyFilesBuildPhase section */
		9A6FAD262304819400340A3D /* CopyFiles */ = {
			isa = PBXCopyFilesBuildPhase;
			buildActionMask = 2147483647;
			dstPath = "$(WorkspaceDir)/time-macos/library/$(CONFIGURATION)$(EFFECTIVE_PLATFORM_NAME)";
			dstSubfolderSpec = 0;
			files = (
			);
			runOnlyForDeploymentPostprocessing = 0;
		};
/* End PBXCopyFilesBuildPhase section */

/* Begin PBXFileReference section */
		070B8EEA1B6E53F900D26137 /* group_simple.app */ = {isa = PBXFileReference; explicitFileType = wrapper.application; includeInIndex = 0; path = group_simple.app; sourceTree = BUILT_PRODUCTS_DIR; };
		9A06D70F1FA2A7A5007FEB1B /* Images.xcassets */ = {isa = PBXFileReference; lastKnownFileType = folder.assetcatalog; path = Images.xcassets; sourceTree = "<group>"; };
		9A06D7121FA2A7A5007FEB1B /* Info.plist */ = {isa = PBXFileReference; fileEncoding = 4; lastKnownFileType = text.plist.xml; path = Info.plist; sourceTree = "<group>"; };
		9A06D7131FA2A7A5007FEB1B /* main.cpp */ = {isa = PBXFileReference; fileEncoding = 4; lastKnownFileType = sourcecode.cpp.cpp; path = main.cpp; sourceTree = "<group>"; };
		9A163C9F24CD573C0095487D /* app_ca2_quasar_science_update_utility.xcodeproj */ = {isa = PBXFileReference; lastKnownFileType = "wrapper.pb-project"; name = app_ca2_quasar_science_update_utility.xcodeproj; path = ../quasar_science_update_utility/app_ca2_quasar_science_update_utility.xcodeproj; sourceTree = "<group>"; };
/* End PBXFileReference section */

/* Begin PBXGroup section */
		070B8EE11B6E53F900D26137 = {
			isa = PBXGroup;
			children = (
				9A163C9F24CD573C0095487D /* app_ca2_quasar_science_update_utility.xcodeproj */,
				9A06D7091FA2A7A5007FEB1B /* macos */,
				070B8EEB1B6E53F900D26137 /* Products */,
			);
			sourceTree = "<group>";
		};
		070B8EEB1B6E53F900D26137 /* Products */ = {
			isa = PBXGroup;
			children = (
				070B8EEA1B6E53F900D26137 /* group_simple.app */,
			);
			name = Products;
			sourceTree = "<group>";
		};
		9A06D7091FA2A7A5007FEB1B /* macos */ = {
			isa = PBXGroup;
			children = (
				9A06D70F1FA2A7A5007FEB1B /* Images.xcassets */,
				9A06D7121FA2A7A5007FEB1B /* Info.plist */,
				9A06D7131FA2A7A5007FEB1B /* main.cpp */,
			);
			path = macos;
			sourceTree = "<group>";
		};
		9A163CA024CD573C0095487D /* Products */ = {
			isa = PBXGroup;
			children = (
				9A163CA624CD573C0095487D /* libapp_core_hellomultiverse.dylib */,
				9A163CA824CD573C0095487D /* libapp_core_hellomultiverse.a */,
				9A163CAA24CD573C0095487D /* app_core_hellomultiverse_iosTests.xctest */,
			);
			name = Products;
			sourceTree = "<group>";
		};
/* End PBXGroup section */

/* Begin PBXNativeTarget section */
		070B8EE91B6E53F900D26137 /* group_simple */ = {
			isa = PBXNativeTarget;
			buildConfigurationList = 070B8F071B6E53FA00D26137 /* Build configuration list for PBXNativeTarget "group_simple" */;
			buildPhases = (
				070B8EE61B6E53F900D26137 /* Sources */,
				070B8EE81B6E53F900D26137 /* Resources */,
				9A6FAD262304819400340A3D /* CopyFiles */,
			);
			buildRules = (
			);
			dependencies = (
			);
			name = group_simple;
			productName = "Hello Multiverse!!";
			productReference = 070B8EEA1B6E53F900D26137 /* group_simple.app */;
			productType = "com.apple.product-type.application";
		};
/* End PBXNativeTarget section */

/* Begin PBXProject section */
		070B8EE21B6E53F900D26137 /* Project object */ = {
			isa = PBXProject;
			attributes = {
				LastUpgradeCheck = 1100;
				ORGANIZATIONNAME = "ca2 Desenvolvimento de Software Ltdal";
				TargetAttributes = {
					070B8EE91B6E53F900D26137 = {
						CreatedOnToolsVersion = 6.4;
						DevelopmentTeam = L8N5V6TZE5;
						ProvisioningStyle = Automatic;
					};
				};
			};
			buildConfigurationList = 070B8EE51B6E53F900D26137 /* Build configuration list for PBXProject "group_quasar" */;
			compatibilityVersion = "Xcode 3.2";
			developmentRegion = en;
			hasScannedForEncodings = 0;
			knownRegions = (
				en,
				Base,
			);
			mainGroup = 070B8EE11B6E53F900D26137;
			productRefGroup = 070B8EEB1B6E53F900D26137 /* Products */;
			projectDirPath = "";
			projectReferences = (
				{
					ProductGroup = 9A163CA024CD573C0095487D /* Products */;
					ProjectRef = 9A163C9F24CD573C0095487D /* app_ca2_quasar_science_update_utility.xcodeproj */;
				},
			);
			projectRoot = "";
			targets = (
				070B8EE91B6E53F900D26137 /* group_simple */,
			);
		};
/* End PBXProject section */

/* Begin PBXReferenceProxy section */
		9A163CA624CD573C0095487D /* libapp_core_hellomultiverse.dylib */ = {
			isa = PBXReferenceProxy;
			fileType = "compiled.mach-o.dylib";
			name = libapp_core_hellomultiverse.dylib;
			path = libapp_ca2_quasar_science_update_utility.dylib;
			remoteRef = 9A163CA524CD573C0095487D /* PBXContainerItemProxy */;
			sourceTree = BUILT_PRODUCTS_DIR;
		};
		9A163CA824CD573C0095487D /* libapp_core_hellomultiverse.a */ = {
			isa = PBXReferenceProxy;
			fileType = archive.ar;
			name = libapp_core_hellomultiverse.a;
			path = libapp_ca2_quasar_science_update_utility.a;
			remoteRef = 9A163CA724CD573C0095487D /* PBXContainerItemProxy */;
			sourceTree = BUILT_PRODUCTS_DIR;
		};
		9A163CAA24CD573C0095487D /* app_core_hellomultiverse_iosTests.xctest */ = {
			isa = PBXReferenceProxy;
			fileType = wrapper.cfbundle;
			path = app_core_hellomultiverse_iosTests.xctest;
			remoteRef = 9A163CA924CD573C0095487D /* PBXContainerItemProxy */;
			sourceTree = BUILT_PRODUCTS_DIR;
		};
/* End PBXReferenceProxy section */

/* Begin PBXResourcesBuildPhase section */
		070B8EE81B6E53F900D26137 /* Resources */ = {
			isa = PBXResourcesBuildPhase;
			buildActionMask = 2147483647;
			files = (
				9A06D7171FA2A7A5007FEB1B /* Images.xcassets in Resources */,
			);
			runOnlyForDeploymentPostprocessing = 0;
		};
/* End PBXResourcesBuildPhase section */

/* Begin PBXSourcesBuildPhase section */
		070B8EE61B6E53F900D26137 /* Sources */ = {
			isa = PBXSourcesBuildPhase;
			buildActionMask = 2147483647;
			files = (
				9A06D71B1FA2A7A5007FEB1B /* main.cpp in Sources */,
			);
			runOnlyForDeploymentPostprocessing = 0;
		};
/* End PBXSourcesBuildPhase section */

/* Begin XCBuildConfiguration section */
		070B8F051B6E53FA00D26137 /* Debug */ = {
			isa = XCBuildConfiguration;
			buildSettings = {
				ALWAYS_SEARCH_USER_PATHS = NO;
				CLANG_ANALYZER_LOCALIZABILITY_NONLOCALIZED = YES;
				CLANG_CXX_LANGUAGE_STANDARD = "c++17";
				CLANG_CXX_LIBRARY = "libc++";
				CLANG_ENABLE_MODULES = YES;
				CLANG_ENABLE_OBJC_ARC = YES;
				CLANG_WARN_BLOCK_CAPTURE_AUTORELEASING = YES;
				CLANG_WARN_BOOL_CONVERSION = YES;
				CLANG_WARN_COMMA = YES;
				CLANG_WARN_CONSTANT_CONVERSION = YES;
				CLANG_WARN_DEPRECATED_OBJC_IMPLEMENTATIONS = YES;
				CLANG_WARN_DIRECT_OBJC_ISA_USAGE = YES_ERROR;
				CLANG_WARN_EMPTY_BODY = YES;
				CLANG_WARN_ENUM_CONVERSION = YES;
				CLANG_WARN_INFINITE_RECURSION = YES;
				CLANG_WARN_INT_CONVERSION = YES;
				CLANG_WARN_NON_LITERAL_NULL_CONVERSION = YES;
				CLANG_WARN_OBJC_IMPLICIT_RETAIN_SELF = YES;
				CLANG_WARN_OBJC_LITERAL_CONVERSION = YES;
				CLANG_WARN_OBJC_ROOT_CLASS = YES_ERROR;
				CLANG_WARN_PRAGMA_PACK = NO;
				CLANG_WARN_RANGE_LOOP_ANALYSIS = YES;
				CLANG_WARN_STRICT_PROTOTYPES = YES;
				CLANG_WARN_SUSPICIOUS_MOVE = YES;
				CLANG_WARN_UNREACHABLE_CODE = YES;
				CLANG_WARN__DUPLICATE_METHOD_MATCH = YES;
				COPY_PHASE_STRIP = NO;
				DEBUG_INFORMATION_FORMAT = dwarf;
				ENABLE_STRICT_OBJC_MSGSEND = YES;
				ENABLE_TESTABILITY = YES;
				GCC_C_LANGUAGE_STANDARD = gnu99;
				GCC_DYNAMIC_NO_PIC = NO;
				GCC_NO_COMMON_BLOCKS = YES;
				GCC_OPTIMIZATION_LEVEL = 0;
				GCC_PREPROCESSOR_DEFINITIONS = (
					"DEBUG=1",
					"$(inherited)",
				);
				GCC_SYMBOLS_PRIVATE_EXTERN = NO;
				GCC_WARN_64_TO_32_BIT_CONVERSION = YES;
				GCC_WARN_ABOUT_RETURN_TYPE = YES_ERROR;
				GCC_WARN_UNDECLARED_SELECTOR = YES;
				GCC_WARN_UNINITIALIZED_AUTOS = YES_AGGRESSIVE;
				GCC_WARN_UNUSED_FUNCTION = YES;
				GCC_WARN_UNUSED_VARIABLE = YES;
				HEADER_SEARCH_PATHS = "";
				LD_RUNPATH_SEARCH_PATHS = "@loader_path /Library/Frameworks/ca2";
				LIBRARY_SEARCH_PATHS = (
					"$(inherited)",
					"$(TARGET_BUILD_DIR)",
					"$(SRCROOT)/../../time-$(PLATFORM_MODIFIER)/library/$CONFIGURATION$EFFECTIVE_PLATFORM_NAME",
				);
				MACOSX_DEPLOYMENT_TARGET = 10.8;
				MTL_ENABLE_DEBUG_INFO = YES;
				ONLY_ACTIVE_ARCH = YES;
				PLATFORM_MODIFIER = macos;
				PRODUCT_NAME = "$(TARGET_NAME)";
				SDKROOT = macosx;
				SYSTEM_HEADER_SEARCH_PATHS = "$(WorkspaceDir)/platform-macos $(WorkspaceDir)/app/_include $(WorkspaceDir)/third/include";
				USER_HEADER_SEARCH_PATHS = "$(WorkspaceDir)/include $(WorkspaceDir) $(WorkspaceDir)/app $(PROJECT_DIR)/.. $(PROJECT_DIR) .";
				USE_HEADERMAP = NO;
				WorkspaceDir = "$(SRCROOT)/../..";
			};
			name = Debug;
		};
		070B8F061B6E53FA00D26137 /* Release */ = {
			isa = XCBuildConfiguration;
			buildSettings = {
				ALWAYS_SEARCH_USER_PATHS = NO;
				CLANG_ANALYZER_LOCALIZABILITY_NONLOCALIZED = YES;
				CLANG_CXX_LANGUAGE_STANDARD = "c++17";
				CLANG_CXX_LIBRARY = "libc++";
				CLANG_ENABLE_MODULES = YES;
				CLANG_ENABLE_OBJC_ARC = YES;
				CLANG_WARN_BLOCK_CAPTURE_AUTORELEASING = YES;
				CLANG_WARN_BOOL_CONVERSION = YES;
				CLANG_WARN_COMMA = YES;
				CLANG_WARN_CONSTANT_CONVERSION = YES;
				CLANG_WARN_DEPRECATED_OBJC_IMPLEMENTATIONS = YES;
				CLANG_WARN_DIRECT_OBJC_ISA_USAGE = YES_ERROR;
				CLANG_WARN_EMPTY_BODY = YES;
				CLANG_WARN_ENUM_CONVERSION = YES;
				CLANG_WARN_INFINITE_RECURSION = YES;
				CLANG_WARN_INT_CONVERSION = YES;
				CLANG_WARN_NON_LITERAL_NULL_CONVERSION = YES;
				CLANG_WARN_OBJC_IMPLICIT_RETAIN_SELF = YES;
				CLANG_WARN_OBJC_LITERAL_CONVERSION = YES;
				CLANG_WARN_OBJC_ROOT_CLASS = YES_ERROR;
				CLANG_WARN_PRAGMA_PACK = NO;
				CLANG_WARN_RANGE_LOOP_ANALYSIS = YES;
				CLANG_WARN_STRICT_PROTOTYPES = YES;
				CLANG_WARN_SUSPICIOUS_MOVE = YES;
				CLANG_WARN_UNREACHABLE_CODE = YES;
				CLANG_WARN__DUPLICATE_METHOD_MATCH = YES;
				COPY_PHASE_STRIP = NO;
				DEBUG_INFORMATION_FORMAT = "dwarf-with-dsym";
				ENABLE_NS_ASSERTIONS = NO;
				ENABLE_STRICT_OBJC_MSGSEND = YES;
				GCC_C_LANGUAGE_STANDARD = gnu99;
				GCC_NO_COMMON_BLOCKS = YES;
				GCC_WARN_64_TO_32_BIT_CONVERSION = YES;
				GCC_WARN_ABOUT_RETURN_TYPE = YES_ERROR;
				GCC_WARN_UNDECLARED_SELECTOR = YES;
				GCC_WARN_UNINITIALIZED_AUTOS = YES_AGGRESSIVE;
				GCC_WARN_UNUSED_FUNCTION = YES;
				GCC_WARN_UNUSED_VARIABLE = YES;
				HEADER_SEARCH_PATHS = "";
				LD_RUNPATH_SEARCH_PATHS = "@loader_path /Library/Frameworks/ca2";
				LIBRARY_SEARCH_PATHS = (
					"$(inherited)",
					"$(TARGET_BUILD_DIR)",
					"$(SRCROOT)/../../time-$(PLATFORM_MODIFIER)/library/$CONFIGURATION$EFFECTIVE_PLATFORM_NAME",
				);
				MACOSX_DEPLOYMENT_TARGET = 10.8;
				MTL_ENABLE_DEBUG_INFO = NO;
				PLATFORM_MODIFIER = macos;
				PRODUCT_NAME = "$(TARGET_NAME)";
				SDKROOT = macosx;
				SYSTEM_HEADER_SEARCH_PATHS = "$(WorkspaceDir)/platform-macos $(WorkspaceDir)/app/_include $(WorkspaceDir)/third/include";
				USER_HEADER_SEARCH_PATHS = "$(WorkspaceDir)/include $(WorkspaceDir) $(WorkspaceDir)/app $(PROJECT_DIR)/.. $(PROJECT_DIR) .";
				USE_HEADERMAP = NO;
				WorkspaceDir = "$(SRCROOT)/../..";
			};
			name = Release;
		};
		070B8F081B6E53FA00D26137 /* Debug */ = {
			isa = XCBuildConfiguration;
			buildSettings = {
				ASSETCATALOG_COMPILER_APPICON_NAME = AppIcon;
				CODE_SIGN_IDENTITY = "Mac Developer";
				COMBINE_HIDPI_IMAGES = YES;
				DEBUG_INFORMATION_FORMAT = "dwarf-with-dsym";
				DEVELOPMENT_TEAM = L8N5V6TZE5;
				ENABLE_HARDENED_RUNTIME = YES;
				INFOPLIST_FILE = "$(SRCROOT)/macos/Info.plist";
				MACOSX_DEPLOYMENT_TARGET = 10.8;
				PRODUCT_BUNDLE_IDENTIFIER = "cc.ca2.app-simple.group-simple";
				PROVISIONING_PROFILE_SPECIFIER = "";
			};
			name = Debug;
		};
		070B8F091B6E53FA00D26137 /* Release */ = {
			isa = XCBuildConfiguration;
			buildSettings = {
				ASSETCATALOG_COMPILER_APPICON_NAME = AppIcon;
				CODE_SIGN_IDENTITY = "Mac Developer";
				COMBINE_HIDPI_IMAGES = YES;
				DEBUG_INFORMATION_FORMAT = "dwarf-with-dsym";
				DEVELOPMENT_TEAM = L8N5V6TZE5;
				ENABLE_HARDENED_RUNTIME = YES;
				INFOPLIST_FILE = "$(SRCROOT)/macos/Info.plist";
				MACOSX_DEPLOYMENT_TARGET = 10.8;
				PRODUCT_BUNDLE_IDENTIFIER = "cc.ca2.app-simple.group-simple";
				PROVISIONING_PROFILE_SPECIFIER = "";
			};
			name = Release;
		};
/* End XCBuildConfiguration section */

/* Begin XCConfigurationList section */
		070B8EE51B6E53F900D26137 /* Build configuration list for PBXProject "group_quasar" */ = {
			isa = XCConfigurationList;
			buildConfigurations = (
				070B8F051B6E53FA00D26137 /* Debug */,
				070B8F061B6E53FA00D26137 /* Release */,
			);
			defaultConfigurationIsVisible = 0;
			defaultConfigurationName = Release;
		};
		070B8F071B6E53FA00D26137 /* Build configuration list for PBXNativeTarget "group_simple" */ = {
			isa = XCConfigurationList;
			buildConfigurations = (
				070B8F081B6E53FA00D26137 /* Debug */,
				070B8F091B6E53FA00D26137 /* Release */,
			);
			defaultConfigurationIsVisible = 0;
			defaultConfigurationName = Release;
		};
/* End XCConfigurationList section */
	};
	rootObject = 070B8EE21B6E53F900D26137 /* Project object */;
}
