<?xml version="1.0" encoding="utf-8"?>
<Project ToolsVersion="4.0" xmlns="http://schemas.microsoft.com/developer/msbuild/2003">
  <ItemGroup>
    <Filter Include="Source Files">
      <UniqueIdentifier>{8e5d91c7-edc0-4d92-b733-aeffca5af850}</UniqueIdentifier>
    </Filter>
    <Filter Include="Header Files">
      <UniqueIdentifier>{93995380-89BD-4b04-88EB-625FBE52EBFB}</UniqueIdentifier>
      <Extensions>h;hpp;hxx;hm;inl;inc;xsd</Extensions>
    </Filter>
  </ItemGroup>
  <ItemGroup>
    <ClCompile Include="framework.cpp">
      <Filter>Source Files</Filter>
    </ClCompile>
    <ClCompile Include="exif.cpp">
      <Filter>Source Files</Filter>
    </ClCompile>
    <ClCompile Include="gauge_prober.cpp">
      <Filter>Source Files</Filter>
    </ClCompile>
    <ClCompile Include="gauge_prober_application.cpp">
      <Filter>Source Files</Filter>
    </ClCompile>
    <ClCompile Include="gauge_prober_document.cpp">
      <Filter>Source Files</Filter>
    </ClCompile>
    <ClCompile Include="gauge_prober_frame.cpp">
      <Filter>Source Files</Filter>
    </ClCompile>
    <ClCompile Include="gauge_prober_main_frame.cpp">
      <Filter>Source Files</Filter>
    </ClCompile>
    <ClCompile Include="gauge_prober_pane_view.cpp">
      <Filter>Source Files</Filter>
    </ClCompile>
    <ClCompile Include="aaa_want_to_remove_gauge_prober_view_update_hint.cpp">
      <Filter>Source Files</Filter>
    </ClCompile>
    <ClCompile Include="gauge_prober_flight_viewer.cpp">
      <Filter>Source Files</Filter>
    </ClCompile>
    <ClCompile Include="gauge_prober_line_chart.cpp">
      <Filter>Source Files</Filter>
    </ClCompile>
    <ClCompile Include="gauge_prober_flight_simulator.cpp">
      <Filter>Source Files</Filter>
    </ClCompile>
    <ClCompile Include="gauge_prober_flight.cpp">
      <Filter>Source Files</Filter>
    </ClCompile>
    <ClCompile Include="gauge_prober_group.cpp">
      <Filter>Source Files</Filter>
    </ClCompile>
    <ClCompile Include="gauge_prober_gauge.cpp">
      <Filter>Source Files</Filter>
    </ClCompile>
    <ClCompile Include="gauge_prober_control_terminal.cpp">
      <Filter>Source Files</Filter>
    </ClCompile>
    <ClCompile Include="gauge_prober_throttle.cpp">
      <Filter>Source Files</Filter>
    </ClCompile>
    <ClCompile Include="gauge_prober_button.cpp">
      <Filter>Source Files</Filter>
    </ClCompile>
    <ClCompile Include="gauge_prober_edit_box.cpp">
      <Filter>Source Files</Filter>
    </ClCompile>
    <ClCompile Include="gauge_prober_serial.cpp">
      <Filter>Source Files</Filter>
    </ClCompile>
    <ClCompile Include="gauge_prober_info.cpp">
      <Filter>Source Files</Filter>
    </ClCompile>
  </ItemGroup>
  <ItemGroup>
    <ClInclude Include="framework.h">
      <Filter>Header Files</Filter>
    </ClInclude>
    <ClInclude Include="exif.h">
      <Filter>Header Files</Filter>
    </ClInclude>
    <ClInclude Include="gauge_prober.h">
      <Filter>Header Files</Filter>
    </ClInclude>
    <ClInclude Include="gauge_prober_application.h">
      <Filter>Header Files</Filter>
    </ClInclude>
    <ClInclude Include="gauge_prober_document.h">
      <Filter>Header Files</Filter>
    </ClInclude>
    <ClInclude Include="gauge_prober_frame.h">
      <Filter>Header Files</Filter>
    </ClInclude>
    <ClInclude Include="gauge_prober_main_frame.h">
      <Filter>Header Files</Filter>
    </ClInclude>
    <ClInclude Include="gauge_prober_pane_view.h">
      <Filter>Header Files</Filter>
    </ClInclude>
    <ClInclude Include="aaa_want_to_remove_gauge_prober_view_update_hint.h">
      <Filter>Header Files</Filter>
    </ClInclude>
    <ClInclude Include="gauge_prober_flight_viewer.h">
      <Filter>Header Files</Filter>
    </ClInclude>
    <ClInclude Include="gauge_prober_line_chart.h">
      <Filter>Header Files</Filter>
    </ClInclude>
    <ClInclude Include="gauge_prober_group.h">
      <Filter>Header Files</Filter>
    </ClInclude>
    <ClInclude Include="gauge_prober_flight_simulator.h">
      <Filter>Header Files</Filter>
    </ClInclude>
    <ClInclude Include="gauge_prober_flight.h">
      <Filter>Header Files</Filter>
    </ClInclude>
    <ClInclude Include="gauge_prober_gauge.h">
      <Filter>Header Files</Filter>
    </ClInclude>
    <ClInclude Include="gauge_prober_control_terminal.h">
      <Filter>Header Files</Filter>
    </ClInclude>
    <ClInclude Include="gauge_prober_throttle.h">
      <Filter>Header Files</Filter>
    </ClInclude>
    <ClInclude Include="gauge_prober_button.h">
      <Filter>Header Files</Filter>
    </ClInclude>
    <ClInclude Include="gauge_prober_edit_box.h">
      <Filter>Header Files</Filter>
    </ClInclude>
    <ClInclude Include="gauge_prober_serial.h">
      <Filter>Header Files</Filter>
    </ClInclude>
    <ClInclude Include="gauge_prober_info.h">
      <Filter>Header Files</Filter>
    </ClInclude>
  </ItemGroup>
  <ItemGroup>
    <None Include="app_ca2_gauge_prober.def">
      <Filter>Source Files</Filter>
    </None>
  </ItemGroup>
</Project>