<?xml version="1.0" encoding="UTF-8" standalone="yes" ?>
<CodeBlocks_project_file>
	<FileVersion major="1" minor="6" />
	<Project>
		<Option title="nativeui" />
		<Option pch_mode="2" />
		<Option compiler="gcc" />
		<Build>
			<Target title="basis">
				<Option output="$(PROJECT_DIR)../../../$(TIME_NAME)/x64/basis/nativeui" prefix_auto="0" extension_auto="0" />
				<Option working_dir="" />
				<Option object_output="$(PROJECT_DIR)../../../$(TIME_NAME)/intermediate/app/nativeui" />
				<Option type="5" />
				<Option compiler="gcc" />
				<Option host_application="../../../$(TIME_NAME)/x64/basis/nativeui" />
				<Option run_host_application_in_terminal="0" />
				<Compiler>
					<Add option="-fPIC" />
					<Add option="-g" />
					<Add option="-D_DEBUG" />
				</Compiler>
				<Linker>
					<Add option="-Wl,-rpath=\\$$$ORIGIN" />
					<Add option="-lX11" />
					<Add option="-latomiconv" />
					<Add option="-lbz2" />
					<Add option="-lz" />
					<Add option="-lssl" />
					<Add option="-lidn" />
					<Add option="-laura" />
					<Add option="-lfreetype" />
					<Add option="-lblkid" />
					<Add option="-Wl,-z,defs" />
					<Add option="`pkg-config gthread-2.0 dbus-glib-1 gtk+-3.0 libnm --libs`" />
				</Linker>
			</Target>
			<Target title="install">
				<Option output="../../../$(TIME_NAME)/x64/basis/libapp_core_hellomultiverse.so" prefix_auto="0" extension_auto="0" />
				<Option working_dir="../../../$(TIME_NAME)/x64/basis/" />
				<Option object_output="../../../$(TIME_NAME)/intermediate/app/app_core_hellomultiverse" />
				<Option type="3" />
				<Option compiler="gcc" />
				<Option parameters=": app=app-core/hellomultiverse build_number=basis locale=_std schema=_std install" />
				<Option host_application="../../../$(TIME_NAME)/x64/basis/app" />
				<Option run_host_application_in_terminal="0" />
				<Option createDefFile="1" />
				<Option createStaticLib="1" />
				<Compiler>
					<Add option="-g" />
					<Add option="-D_DEBUG" />
				</Compiler>
			</Target>
			<Target title="arm64_basis">
				<Option output="../../../$(TIME_NAME)/x64/basis/nativeui" prefix_auto="0" extension_auto="0" />
				<Option working_dir="" />
				<Option object_output="../../../$(TIME_NAME)/intermediate/app/nativeui" />
				<Option type="5" />
				<Option compiler="gcc" />
				<Option host_application="../../../$(TIME_NAME)/x64/basis/nativeui" />
				<Option run_host_application_in_terminal="0" />
				<Compiler>
					<Add option="-g" />
					<Add option="-D_DEBUG" />
				</Compiler>
				<Linker>
					<Add option="-Wl,-rpath=\\$$$ORIGIN" />
					<Add option="-lc" />
					<Add option="-lX11" />
					<Add option="-lbz2" />
					<Add option="-lz" />
					<Add option="-lssl" />
					<Add option="-lidn" />
					<Add option="-laura" />
					<Add option="-lfreetype" />
					<Add option="-lblkid" />
					<Add option="-Wl,-z,defs" />
					<Add option="`pkg-config gthread-2.0 dbus-glib-1 gtk+-3.0 libnm --libs`" />
				</Linker>
			</Target>
		</Build>
		<Compiler>
			<Add option="-std=c++17" />
			<Add option="-fPIC" />
			<Add option="-fexceptions" />
			<Add option="-fnon-call-exceptions" />
			<Add option="-fno-pie" />
			<Add option="-fno-stack-protector" />
			<Add option="-Wno-pointer-arith" />
			<Add option="-Wno-attributes" />
			<Add option="-Winvalid-pch" />
			<Add option="-Wno-conversion-null" />
			<Add option="`pkg-config dbus-glib-1 gtk+-3.0 libnm --cflags`" />
			<Add directory="../../../include" />
			<Add directory="../../../app/include" />
			<Add directory="../../../app/thirdparty/appseed" />
			<Add directory="." />
			<Add directory=".." />
			<Add directory="../.." />
			<Add directory="../../platform/linux" />
			<Add directory="../../platform/linux/include" />
			<Add directory="../../.." />
			<Add directory="../../../app/appseed" />
			<Add directory="../../../app/appseed/boot" />
			<Add directory="../../../app/appseed/core" />
			<Add directory="../../../app/thirdparty/include" />
			<Add directory="../../../app/appseed/base" />
			<Add directory="../../../app" />
			<Add directory="../../../app/appseed/aura" />
			<Add directory="../../../app/appseed/axis" />
			<Add directory="../../../app/axis" />
		</Compiler>
		<Linker>
			<Add directory="../../../$(TIME_NAME)/x64/basis" />
		</Linker>
		<ExtraCommands>
			<Add after="cp icon_logo.png ../../../$(TIME_NAME)/x64/basis/" />
			<Add after="cp text.png ../../../$(TIME_NAME)/x64/basis/" />
		</ExtraCommands>
		<Unit filename="framework.cpp" />
		<Unit filename="framework.h">
			<Option compile="1" />
			<Option weight="0" />
		</Unit>
		<Unit filename="linux_dialog.cpp" />
		<Unit filename="linux_dialog.h" />
		<Unit filename="linux_main.cpp" />
		<Unit filename="linux_os_dialog.h" />
		<Unit filename="linux_os_font.cpp" />
		<Unit filename="linux_os_font.h" />
		<Unit filename="linux_os_window.cpp" />
		<Unit filename="linux_os_window.h" />
		<Unit filename="linux_version.cpp" />
		<Unit filename="list_wifi.cpp" />
		<Unit filename="list_wifi.h" />
		<Unit filename="logprintf.cpp" />
		<Unit filename="logprintf.h" />
		<Unit filename="main_interface.cpp" />
		<Unit filename="main_interface.h" />
		<Unit filename="nativeui.h" />
		<Unit filename="nativeui_application.cpp" />
		<Unit filename="nativeui_application.h" />
		<Unit filename="serial_util.cpp" />
		<Unit filename="serial_ymodem.cpp" />
		<Unit filename="simple_log.cpp" />
		<Unit filename="simple_log.h" />
		<Unit filename="version.h" />
		<Unit filename="win32_main_interface.cpp">
			<Option compile="0" />
			<Option link="0" />
		</Unit>
		<Unit filename="ymodem.h" />
		<Unit filename="ymodem_util.h" />
		<Extensions>
			<code_completion />
			<debugger>
				<remote_debugging>
					<options conn_type="-1" serial_baud="115200" additional_cmds="&#x0A;" additional_cmds_before="&#x0A;" skip_ld_path="1" />
				</remote_debugging>
			</debugger>
			<DoxyBlocks>
				<comment_style block="0" line="0" />
				<doxyfile_project />
				<doxyfile_build />
				<doxyfile_warnings />
				<doxyfile_output />
				<doxyfile_dot />
				<general />
			</DoxyBlocks>
			<envvars />
		</Extensions>
	</Project>
</CodeBlocks_project_file>
