// !$*UTF8*$!
{
	archiveVersion = 1;
	classes = {
	};
	objectVersion = 47;
	objects = {

/* Begin PBXBuildFile section */
		070B8F041B6E53FA00D26137 /* Hello_Multiverse__Tests.m in Sources */ = {isa = PBXBuildFile; fileRef = 070B8F031B6E53FA00D26137 /* Hello_Multiverse__Tests.m */; };
		07EF5CCB1B72C2C200863D39 /* libaura.dylib in CopyFiles */ = {isa = PBXBuildFile; fileRef = 076A243F1B6E772400BF6C7D /* libaura.dylib */; settings = {ATTRIBUTES = (CodeSignOnCopy, ); }; };
		9A61A27E20521A8F00DEF2F5 /* libaxisidn.dylib in CopyFiles */ = {isa = PBXBuildFile; fileRef = 9A61A27520521A4300DEF2F5 /* libaxisidn.dylib */; settings = {ATTRIBUTES = (CodeSignOnCopy, ); }; };
		9A61A28920521AF900DEF2F5 /* libaxiswinpr.dylib in CopyFiles */ = {isa = PBXBuildFile; fileRef = 9A61A28620521AEA00DEF2F5 /* libaxiswinpr.dylib */; settings = {ATTRIBUTES = (CodeSignOnCopy, ); }; };
		9A635BCA1F9D142F005ACA9E /* app.mm in Sources */ = {isa = PBXBuildFile; fileRef = 9A635AAA1F9D142C005ACA9E /* app.mm */; };
		9A635BCB1F9D142F005ACA9E /* MainMenu.xib in Resources */ = {isa = PBXBuildFile; fileRef = 9A635AAB1F9D142C005ACA9E /* MainMenu.xib */; };
		9A635BCE1F9D142F005ACA9E /* Images.xcassets in Resources */ = {isa = PBXBuildFile; fileRef = 9A635AB01F9D142C005ACA9E /* Images.xcassets */; };
		9A635BD01F9D142F005ACA9E /* main.cpp in Sources */ = {isa = PBXBuildFile; fileRef = 9A635AB21F9D142C005ACA9E /* main.cpp */; };
		9A635BD11F9D142F005ACA9E /* MainWindow.mm in Sources */ = {isa = PBXBuildFile; fileRef = 9A635AB41F9D142C005ACA9E /* MainWindow.mm */; };
		9A635BD21F9D142F005ACA9E /* MainWindow.xib in Resources */ = {isa = PBXBuildFile; fileRef = 9A635AB51F9D142C005ACA9E /* MainWindow.xib */; };
		9A635BD31F9D142F005ACA9E /* macos.cpp in Sources */ = {isa = PBXBuildFile; fileRef = 9A635AB61F9D142C005ACA9E /* macos.cpp */; };
		9A635BD41F9D142F005ACA9E /* macos.mm in Sources */ = {isa = PBXBuildFile; fileRef = 9A635AB81F9D142C005ACA9E /* macos.mm */; };
		9A635C2B1F9D142F005ACA9E /* qslogo.png in Resources */ = {isa = PBXBuildFile; fileRef = 9A635B261F9D142D005ACA9E /* qslogo.png */; };
		9A635C321F9D142F005ACA9E /* nativeui_application.cpp in Sources */ = {isa = PBXBuildFile; fileRef = 9A635B311F9D142D005ACA9E /* nativeui_application.cpp */; };
		9A635C361F9D142F005ACA9E /* simple_log.cpp in Sources */ = {isa = PBXBuildFile; fileRef = 9A635B391F9D142D005ACA9E /* simple_log.cpp */; };
		9A635C991F9D392F005ACA9E /* WhiteArea.mm in Sources */ = {isa = PBXBuildFile; fileRef = 9A635C981F9D392F005ACA9E /* WhiteArea.mm */; };
		9A7333E51F9FB6FB00F6BC37 /* libace.dylib in CopyFiles */ = {isa = PBXBuildFile; fileRef = 9A7333DE1F9FB6CF00F6BC37 /* libace.dylib */; settings = {ATTRIBUTES = (CodeSignOnCopy, ); }; };
		9A7FF12E206C4280003F71B4 /* serial_util.cpp in Sources */ = {isa = PBXBuildFile; fileRef = 9A7FF12A206C4280003F71B4 /* serial_util.cpp */; };
		9A7FF12F206C4280003F71B4 /* logprintf.cpp in Sources */ = {isa = PBXBuildFile; fileRef = 9A7FF12C206C4280003F71B4 /* logprintf.cpp */; };
		9A7FF130206C4280003F71B4 /* serial_ymodem.cpp in Sources */ = {isa = PBXBuildFile; fileRef = 9A7FF12D206C4280003F71B4 /* serial_ymodem.cpp */; };
		9AA9BAB51FC2586D00A3341D /* Cocoa.framework in Frameworks */ = {isa = PBXBuildFile; fileRef = 9A635C8F1F9D17C1005ACA9E /* Cocoa.framework */; };
		9AA9BAD01FC25A0200A3341D /* libaura.dylib in Frameworks */ = {isa = PBXBuildFile; fileRef = 076A243F1B6E772400BF6C7D /* libaura.dylib */; };
		9AA9BADD1FC263FD00A3341D /* main_interface.cpp in Sources */ = {isa = PBXBuildFile; fileRef = 9AA9BADC1FC263FD00A3341D /* main_interface.cpp */; };
		9AB8E3E12051FE7C005AC776 /* macos_main_interface.cpp in Sources */ = {isa = PBXBuildFile; fileRef = 9AB8E3E02051FE7C005AC776 /* macos_main_interface.cpp */; };
		9ADD35421F9FCDF60075830F /* libdraw2d_quartz2d.dylib in CopyFiles */ = {isa = PBXBuildFile; fileRef = 9ADD353A1F9FCB3C0075830F /* libdraw2d_quartz2d.dylib */; settings = {ATTRIBUTES = (CodeSignOnCopy, ); }; };
/* End PBXBuildFile section */

/* Begin PBXContainerItemProxy section */
		070B8EFE1B6E53FA00D26137 /* PBXContainerItemProxy */ = {
			isa = PBXContainerItemProxy;
			containerPortal = 070B8EE21B6E53F900D26137 /* Project object */;
			proxyType = 1;
			remoteGlobalIDString = 070B8EE91B6E53F900D26137;
			remoteInfo = "Hello Multiverse!!";
		};
		076A243E1B6E772400BF6C7D /* PBXContainerItemProxy */ = {
			isa = PBXContainerItemProxy;
			containerPortal = 076A24081B6E772400BF6C7D /* aura.xcodeproj */;
			proxyType = 2;
			remoteGlobalIDString = 9A98A6151771D67E000AE16E;
			remoteInfo = aura;
		};
		076A24401B6E772400BF6C7D /* PBXContainerItemProxy */ = {
			isa = PBXContainerItemProxy;
			containerPortal = 076A24081B6E772400BF6C7D /* aura.xcodeproj */;
			proxyType = 2;
			remoteGlobalIDString = 077A080B1B4D7403001C85FF;
			remoteInfo = ios_aura;
		};
		076A24421B6E772400BF6C7D /* PBXContainerItemProxy */ = {
			isa = PBXContainerItemProxy;
			containerPortal = 076A24081B6E772400BF6C7D /* aura.xcodeproj */;
			proxyType = 2;
			remoteGlobalIDString = 9AE24D431904CEFE001AEFFB;
			remoteInfo = aura_iosTests;
		};
		9A61A27420521A4300DEF2F5 /* PBXContainerItemProxy */ = {
			isa = PBXContainerItemProxy;
			containerPortal = 9A61A26F20521A4300DEF2F5 /* axisidn.xcodeproj */;
			proxyType = 2;
			remoteGlobalIDString = 9AA5E6D616F7C61B005C45CE;
			remoteInfo = axisidn;
		};
		9A61A27620521A4300DEF2F5 /* PBXContainerItemProxy */ = {
			isa = PBXContainerItemProxy;
			containerPortal = 9A61A26F20521A4300DEF2F5 /* axisidn.xcodeproj */;
			proxyType = 2;
			remoteGlobalIDString = 077A00AB1B4D4F9E001C85FF;
			remoteInfo = ios_axisidn;
		};
		9A61A28520521AEA00DEF2F5 /* PBXContainerItemProxy */ = {
			isa = PBXContainerItemProxy;
			containerPortal = 9A61A28020521AEA00DEF2F5 /* axiswinpr.xcodeproj */;
			proxyType = 2;
			remoteGlobalIDString = 9A1B358C16A2D7A500875A94;
			remoteInfo = axiswinpr;
		};
		9A61A28720521AEA00DEF2F5 /* PBXContainerItemProxy */ = {
			isa = PBXContainerItemProxy;
			containerPortal = 9A61A28020521AEA00DEF2F5 /* axiswinpr.xcodeproj */;
			proxyType = 2;
			remoteGlobalIDString = 07DD5DF91B5F0A1E003A1CE1;
			remoteInfo = ios_axiswinpr;
		};
		9A7333DD1F9FB6CF00F6BC37 /* PBXContainerItemProxy */ = {
			isa = PBXContainerItemProxy;
			containerPortal = 9A7333D71F9FB6CF00F6BC37 /* ace.xcodeproj */;
			proxyType = 2;
			remoteGlobalIDString = 9A574B9816AAB906000CC4EF;
			remoteInfo = ace;
		};
		9A7333DF1F9FB6CF00F6BC37 /* PBXContainerItemProxy */ = {
			isa = PBXContainerItemProxy;
			containerPortal = 9A7333D71F9FB6CF00F6BC37 /* ace.xcodeproj */;
			proxyType = 2;
			remoteGlobalIDString = 07B65764190F3CA2002DAADE;
			remoteInfo = ios_ace;
		};
		9A7333E11F9FB6CF00F6BC37 /* PBXContainerItemProxy */ = {
			isa = PBXContainerItemProxy;
			containerPortal = 9A7333D71F9FB6CF00F6BC37 /* ace.xcodeproj */;
			proxyType = 2;
			remoteGlobalIDString = 07B65773190F3CA2002DAADE;
			remoteInfo = ace_iosTests;
		};
		9AA948F5205232E6001AD88D /* PBXContainerItemProxy */ = {
			isa = PBXContainerItemProxy;
			containerPortal = 9A61A26F20521A4300DEF2F5 /* axisidn.xcodeproj */;
			proxyType = 1;
			remoteGlobalIDString = 9AA5E4C216F7C61B005C45CE;
			remoteInfo = axisidn;
		};
		9AA948F7205232EC001AD88D /* PBXContainerItemProxy */ = {
			isa = PBXContainerItemProxy;
			containerPortal = 9A61A28020521AEA00DEF2F5 /* axiswinpr.xcodeproj */;
			proxyType = 1;
			remoteGlobalIDString = 9A1B358B16A2D7A500875A94;
			remoteInfo = axiswinpr;
		};
		9AA9BAA71FC2582F00A3341D /* PBXContainerItemProxy */ = {
			isa = PBXContainerItemProxy;
			containerPortal = 076A24081B6E772400BF6C7D /* aura.xcodeproj */;
			proxyType = 1;
			remoteGlobalIDString = 9A98A6031771D67E000AE16E;
			remoteInfo = aura;
		};
		9AA9BAB31FC2582F00A3341D /* PBXContainerItemProxy */ = {
			isa = PBXContainerItemProxy;
			containerPortal = 9ADD35321F9FCB3C0075830F /* draw2d_quartz2d.xcodeproj */;
			proxyType = 1;
			remoteGlobalIDString = A1CFD777154F5EAA007447E2;
			remoteInfo = draw2d_quartz2d;
		};
		9AA9BAB61FC258AE00A3341D /* PBXContainerItemProxy */ = {
			isa = PBXContainerItemProxy;
			containerPortal = 9A7333D71F9FB6CF00F6BC37 /* ace.xcodeproj */;
			proxyType = 1;
			remoteGlobalIDString = 9A574B9716AAB906000CC4EF;
			remoteInfo = ace;
		};
		9ADD35391F9FCB3C0075830F /* PBXContainerItemProxy */ = {
			isa = PBXContainerItemProxy;
			containerPortal = 9ADD35321F9FCB3C0075830F /* draw2d_quartz2d.xcodeproj */;
			proxyType = 2;
			remoteGlobalIDString = A1CFD778154F5EAA007447E2;
			remoteInfo = draw2d_quartz2d;
		};
		9ADD353B1F9FCB3C0075830F /* PBXContainerItemProxy */ = {
			isa = PBXContainerItemProxy;
			containerPortal = 9ADD35321F9FCB3C0075830F /* draw2d_quartz2d.xcodeproj */;
			proxyType = 2;
			remoteGlobalIDString = 07E25F501B4FFC2100752DE1;
			remoteInfo = ios_draw2d_quartz2d;
		};
		9ADD353D1F9FCB3C0075830F /* PBXContainerItemProxy */ = {
			isa = PBXContainerItemProxy;
			containerPortal = 9ADD35321F9FCB3C0075830F /* draw2d_quartz2d.xcodeproj */;
			proxyType = 2;
			remoteGlobalIDString = 9AE24E151904CF99001AEFFB;
			remoteInfo = draw2d_quartz2d_iosTests;
		};
/* End PBXContainerItemProxy section */

/* Begin PBXCopyFilesBuildPhase section */
		076A24D91B6E799300BF6C7D /* CopyFiles */ = {
			isa = PBXCopyFilesBuildPhase;
			buildActionMask = 12;
			dstPath = "";
			dstSubfolderSpec = 6;
			files = (
				9A61A28920521AF900DEF2F5 /* libaxiswinpr.dylib in CopyFiles */,
				9A61A27E20521A8F00DEF2F5 /* libaxisidn.dylib in CopyFiles */,
				9ADD35421F9FCDF60075830F /* libdraw2d_quartz2d.dylib in CopyFiles */,
				9A7333E51F9FB6FB00F6BC37 /* libace.dylib in CopyFiles */,
				07EF5CCB1B72C2C200863D39 /* libaura.dylib in CopyFiles */,
			);
			runOnlyForDeploymentPostprocessing = 0;
		};
/* End PBXCopyFilesBuildPhase section */

/* Begin PBXFileReference section */
		070B8EEA1B6E53F900D26137 /* Quasar Science Update Utility.app */ = {isa = PBXFileReference; explicitFileType = wrapper.application; includeInIndex = 0; path = "Quasar Science Update Utility.app"; sourceTree = BUILT_PRODUCTS_DIR; };
		070B8EFD1B6E53FA00D26137 /* Hello Multiverse!!Tests.xctest */ = {isa = PBXFileReference; explicitFileType = wrapper.cfbundle; includeInIndex = 0; path = "Hello Multiverse!!Tests.xctest"; sourceTree = BUILT_PRODUCTS_DIR; };
		070B8F021B6E53FA00D26137 /* Info.plist */ = {isa = PBXFileReference; lastKnownFileType = text.plist.xml; path = Info.plist; sourceTree = "<group>"; };
		070B8F031B6E53FA00D26137 /* Hello_Multiverse__Tests.m */ = {isa = PBXFileReference; lastKnownFileType = sourcecode.c.objc; path = Hello_Multiverse__Tests.m; sourceTree = "<group>"; };
		076A24081B6E772400BF6C7D /* aura.xcodeproj */ = {isa = PBXFileReference; lastKnownFileType = "wrapper.pb-project"; name = aura.xcodeproj; path = ../../../app/appseed/aura/aura.xcodeproj; sourceTree = "<group>"; };
		9A1231E91F9E7F3200BBECF8 /* logprintf.h */ = {isa = PBXFileReference; fileEncoding = 4; lastKnownFileType = sourcecode.c.h; path = logprintf.h; sourceTree = "<group>"; };
		9A61A26F20521A4300DEF2F5 /* axisidn.xcodeproj */ = {isa = PBXFileReference; lastKnownFileType = "wrapper.pb-project"; name = axisidn.xcodeproj; path = ../../../third/appseed/idn/axisidn.xcodeproj; sourceTree = "<group>"; };
		9A61A28020521AEA00DEF2F5 /* axiswinpr.xcodeproj */ = {isa = PBXFileReference; lastKnownFileType = "wrapper.pb-project"; name = axiswinpr.xcodeproj; path = ../../../third/appseed/winpr/axiswinpr.xcodeproj; sourceTree = "<group>"; };
		9A635AA91F9D142C005ACA9E /* app.h */ = {isa = PBXFileReference; fileEncoding = 4; lastKnownFileType = sourcecode.c.h; path = app.h; sourceTree = "<group>"; };
		9A635AAA1F9D142C005ACA9E /* app.mm */ = {isa = PBXFileReference; fileEncoding = 4; lastKnownFileType = sourcecode.cpp.objcpp; path = app.mm; sourceTree = "<group>"; };
		9A635AAC1F9D142C005ACA9E /* Base */ = {isa = PBXFileReference; lastKnownFileType = file.xib; name = Base; path = Base.lproj/MainMenu.xib; sourceTree = "<group>"; };
		9A635AB01F9D142C005ACA9E /* Images.xcassets */ = {isa = PBXFileReference; lastKnownFileType = folder.assetcatalog; path = Images.xcassets; sourceTree = "<group>"; };
		9A635AB11F9D142C005ACA9E /* Info.plist */ = {isa = PBXFileReference; fileEncoding = 4; lastKnownFileType = text.plist.xml; path = Info.plist; sourceTree = "<group>"; };
		9A635AB21F9D142C005ACA9E /* main.cpp */ = {isa = PBXFileReference; fileEncoding = 4; lastKnownFileType = sourcecode.cpp.cpp; path = main.cpp; sourceTree = "<group>"; };
		9A635AB31F9D142C005ACA9E /* MainWindow.h */ = {isa = PBXFileReference; fileEncoding = 4; lastKnownFileType = sourcecode.c.h; path = MainWindow.h; sourceTree = "<group>"; };
		9A635AB41F9D142C005ACA9E /* MainWindow.mm */ = {isa = PBXFileReference; fileEncoding = 4; lastKnownFileType = sourcecode.cpp.objcpp; path = MainWindow.mm; sourceTree = "<group>"; };
		9A635AB51F9D142C005ACA9E /* MainWindow.xib */ = {isa = PBXFileReference; fileEncoding = 4; lastKnownFileType = file.xib; path = MainWindow.xib; sourceTree = "<group>"; };
		9A635AB61F9D142C005ACA9E /* macos.cpp */ = {isa = PBXFileReference; fileEncoding = 4; lastKnownFileType = sourcecode.cpp.cpp; path = macos.cpp; sourceTree = "<group>"; };
		9A635AB71F9D142C005ACA9E /* macos.h */ = {isa = PBXFileReference; fileEncoding = 4; lastKnownFileType = sourcecode.c.h; path = macos.h; sourceTree = "<group>"; };
		9A635AB81F9D142C005ACA9E /* macos.mm */ = {isa = PBXFileReference; fileEncoding = 4; lastKnownFileType = sourcecode.cpp.objcpp; path = macos.mm; sourceTree = "<group>"; };
		9A635B261F9D142D005ACA9E /* qslogo.png */ = {isa = PBXFileReference; lastKnownFileType = image.png; path = qslogo.png; sourceTree = "<group>"; };
		9A635B311F9D142D005ACA9E /* nativeui_application.cpp */ = {isa = PBXFileReference; fileEncoding = 4; lastKnownFileType = sourcecode.cpp.cpp; path = nativeui_application.cpp; sourceTree = "<group>"; };
		9A635B321F9D142D005ACA9E /* nativeui_application.h */ = {isa = PBXFileReference; fileEncoding = 4; lastKnownFileType = sourcecode.c.h; path = nativeui_application.h; sourceTree = "<group>"; };
		9A635B391F9D142D005ACA9E /* simple_log.cpp */ = {isa = PBXFileReference; fileEncoding = 4; lastKnownFileType = sourcecode.cpp.cpp; path = simple_log.cpp; sourceTree = "<group>"; };
		9A635B3A1F9D142D005ACA9E /* simple_log.h */ = {isa = PBXFileReference; fileEncoding = 4; lastKnownFileType = sourcecode.c.h; path = simple_log.h; sourceTree = "<group>"; };
		9A635B3E1F9D142E005ACA9E /* version.h */ = {isa = PBXFileReference; fileEncoding = 4; lastKnownFileType = sourcecode.c.h; path = version.h; sourceTree = "<group>"; };
		9A635B541F9D142E005ACA9E /* ymodem.h */ = {isa = PBXFileReference; fileEncoding = 4; lastKnownFileType = sourcecode.c.h; path = ymodem.h; sourceTree = "<group>"; };
		9A635C8E1F9D17B0005ACA9E /* CoreFoundation.framework */ = {isa = PBXFileReference; lastKnownFileType = wrapper.framework; name = CoreFoundation.framework; path = System/Library/Frameworks/CoreFoundation.framework; sourceTree = SDKROOT; };
		9A635C8F1F9D17C1005ACA9E /* Cocoa.framework */ = {isa = PBXFileReference; lastKnownFileType = wrapper.framework; name = Cocoa.framework; path = System/Library/Frameworks/Cocoa.framework; sourceTree = SDKROOT; };
		9A635C971F9D392F005ACA9E /* WhiteArea.h */ = {isa = PBXFileReference; lastKnownFileType = sourcecode.c.h; path = WhiteArea.h; sourceTree = "<group>"; };
		9A635C981F9D392F005ACA9E /* WhiteArea.mm */ = {isa = PBXFileReference; lastKnownFileType = sourcecode.cpp.objcpp; path = WhiteArea.mm; sourceTree = "<group>"; };
		9A7333D71F9FB6CF00F6BC37 /* ace.xcodeproj */ = {isa = PBXFileReference; lastKnownFileType = "wrapper.pb-project"; name = ace.xcodeproj; path = ../../../app/appseed/ace/ace.xcodeproj; sourceTree = "<group>"; };
		9A7FF12A206C4280003F71B4 /* serial_util.cpp */ = {isa = PBXFileReference; fileEncoding = 4; lastKnownFileType = sourcecode.cpp.cpp; path = serial_util.cpp; sourceTree = "<group>"; };
		9A7FF12B206C4280003F71B4 /* serial_util.h */ = {isa = PBXFileReference; fileEncoding = 4; lastKnownFileType = sourcecode.c.h; path = serial_util.h; sourceTree = "<group>"; };
		9A7FF12C206C4280003F71B4 /* logprintf.cpp */ = {isa = PBXFileReference; fileEncoding = 4; lastKnownFileType = sourcecode.cpp.cpp; path = logprintf.cpp; sourceTree = "<group>"; };
		9A7FF12D206C4280003F71B4 /* serial_ymodem.cpp */ = {isa = PBXFileReference; fileEncoding = 4; lastKnownFileType = sourcecode.cpp.cpp; path = serial_ymodem.cpp; sourceTree = "<group>"; };
		9A7FF131206C42D1003F71B4 /* win32_dialog2.cpp */ = {isa = PBXFileReference; fileEncoding = 4; lastKnownFileType = sourcecode.cpp.cpp; path = win32_dialog2.cpp; sourceTree = "<group>"; };
		9AA9BADC1FC263FD00A3341D /* main_interface.cpp */ = {isa = PBXFileReference; fileEncoding = 4; lastKnownFileType = sourcecode.cpp.cpp; path = main_interface.cpp; sourceTree = "<group>"; };
		9AB8E3E02051FE7C005AC776 /* macos_main_interface.cpp */ = {isa = PBXFileReference; lastKnownFileType = sourcecode.cpp.cpp; path = macos_main_interface.cpp; sourceTree = "<group>"; };
		9ADD35321F9FCB3C0075830F /* draw2d_quartz2d.xcodeproj */ = {isa = PBXFileReference; lastKnownFileType = "wrapper.pb-project"; name = draw2d_quartz2d.xcodeproj; path = ../../../app/appseed/draw2d_quartz2d/draw2d_quartz2d.xcodeproj; sourceTree = "<group>"; };
		9AEBBB3F1F9E237800EC4AFC /* main_interface.h */ = {isa = PBXFileReference; fileEncoding = 4; lastKnownFileType = sourcecode.c.h; path = main_interface.h; sourceTree = "<group>"; };
		9AF8E79C1F9FE735003CBDB4 /* libaura.dylib */ = {isa = PBXFileReference; lastKnownFileType = "compiled.mach-o.dylib"; name = libaura.dylib; path = ../../../../Volumes/apple/archive/Xcode/DerivedData/Build/Products/Release/libaura.dylib; sourceTree = "<group>"; };
/* End PBXFileReference section */

/* Begin PBXFrameworksBuildPhase section */
		070B8EE71B6E53F900D26137 /* Frameworks */ = {
			isa = PBXFrameworksBuildPhase;
			buildActionMask = 2147483647;
			files = (
				9AA9BAB51FC2586D00A3341D /* Cocoa.framework in Frameworks */,
				9AA9BAD01FC25A0200A3341D /* libaura.dylib in Frameworks */,
			);
			runOnlyForDeploymentPostprocessing = 0;
		};
		070B8EFA1B6E53FA00D26137 /* Frameworks */ = {
			isa = PBXFrameworksBuildPhase;
			buildActionMask = 2147483647;
			files = (
			);
			runOnlyForDeploymentPostprocessing = 0;
		};
/* End PBXFrameworksBuildPhase section */

/* Begin PBXGroup section */
		070B8EE11B6E53F900D26137 = {
			isa = PBXGroup;
			children = (
				9A7333D71F9FB6CF00F6BC37 /* ace.xcodeproj */,
				076A24081B6E772400BF6C7D /* aura.xcodeproj */,
				9A61A26F20521A4300DEF2F5 /* axisidn.xcodeproj */,
				9A61A28020521AEA00DEF2F5 /* axiswinpr.xcodeproj */,
				9ADD35321F9FCB3C0075830F /* draw2d_quartz2d.xcodeproj */,
				9A635AA81F9D142C005ACA9E /* macos */,
				9A635A2E1F9D142B005ACA9E /* nativeui */,
				070B8F001B6E53FA00D26137 /* Hello Multiverse!!Tests */,
				070B8EEB1B6E53F900D26137 /* Products */,
				9A635C8D1F9D17AF005ACA9E /* Frameworks */,
			);
			sourceTree = "<group>";
		};
		070B8EEB1B6E53F900D26137 /* Products */ = {
			isa = PBXGroup;
			children = (
				070B8EEA1B6E53F900D26137 /* Quasar Science Update Utility.app */,
				070B8EFD1B6E53FA00D26137 /* Hello Multiverse!!Tests.xctest */,
			);
			name = Products;
			sourceTree = "<group>";
		};
		070B8F001B6E53FA00D26137 /* Hello Multiverse!!Tests */ = {
			isa = PBXGroup;
			children = (
				070B8F031B6E53FA00D26137 /* Hello_Multiverse__Tests.m */,
				070B8F011B6E53FA00D26137 /* Supporting Files */,
			);
			path = "Hello Multiverse!!Tests";
			sourceTree = "<group>";
		};
		070B8F011B6E53FA00D26137 /* Supporting Files */ = {
			isa = PBXGroup;
			children = (
				070B8F021B6E53FA00D26137 /* Info.plist */,
			);
			name = "Supporting Files";
			sourceTree = "<group>";
		};
		076A24091B6E772400BF6C7D /* Products */ = {
			isa = PBXGroup;
			children = (
				076A243F1B6E772400BF6C7D /* libaura.dylib */,
				076A24411B6E772400BF6C7D /* libios_aura.a */,
				076A24431B6E772400BF6C7D /* aura_iosTests.xctest */,
			);
			name = Products;
			sourceTree = "<group>";
		};
		9A61A27020521A4300DEF2F5 /* Products */ = {
			isa = PBXGroup;
			children = (
				9A61A27520521A4300DEF2F5 /* libaxisidn.dylib */,
				9A61A27720521A4300DEF2F5 /* libios_axisidn.a */,
			);
			name = Products;
			sourceTree = "<group>";
		};
		9A61A28120521AEA00DEF2F5 /* Products */ = {
			isa = PBXGroup;
			children = (
				9A61A28620521AEA00DEF2F5 /* libaxiswinpr.dylib */,
				9A61A28820521AEA00DEF2F5 /* libios_axiswinpr.a */,
			);
			name = Products;
			sourceTree = "<group>";
		};
		9A635A2E1F9D142B005ACA9E /* nativeui */ = {
			isa = PBXGroup;
			children = (
				9A7FF133206C42D7003F71B4 /* win32 */,
				9A7FF12C206C4280003F71B4 /* logprintf.cpp */,
				9A7FF12A206C4280003F71B4 /* serial_util.cpp */,
				9A7FF12B206C4280003F71B4 /* serial_util.h */,
				9A7FF12D206C4280003F71B4 /* serial_ymodem.cpp */,
				9AA9BADC1FC263FD00A3341D /* main_interface.cpp */,
				9A1231E91F9E7F3200BBECF8 /* logprintf.h */,
				9AEBBB3F1F9E237800EC4AFC /* main_interface.h */,
				9A635AB61F9D142C005ACA9E /* macos.cpp */,
				9A635AB71F9D142C005ACA9E /* macos.h */,
				9A635AB81F9D142C005ACA9E /* macos.mm */,
				9A635B261F9D142D005ACA9E /* qslogo.png */,
				9A635B311F9D142D005ACA9E /* nativeui_application.cpp */,
				9A635B321F9D142D005ACA9E /* nativeui_application.h */,
				9A635B391F9D142D005ACA9E /* simple_log.cpp */,
				9A635B3A1F9D142D005ACA9E /* simple_log.h */,
				9A635B3E1F9D142E005ACA9E /* version.h */,
				9A635B541F9D142E005ACA9E /* ymodem.h */,
				9AB8E3E02051FE7C005AC776 /* macos_main_interface.cpp */,
			);
			name = nativeui;
			sourceTree = "<group>";
		};
		9A635AA81F9D142C005ACA9E /* macos */ = {
			isa = PBXGroup;
			children = (
				9A635AA91F9D142C005ACA9E /* app.h */,
				9A635AAA1F9D142C005ACA9E /* app.mm */,
				9A635AAB1F9D142C005ACA9E /* MainMenu.xib */,
				9A635AB01F9D142C005ACA9E /* Images.xcassets */,
				9A635AB11F9D142C005ACA9E /* Info.plist */,
				9A635AB21F9D142C005ACA9E /* main.cpp */,
				9A635AB31F9D142C005ACA9E /* MainWindow.h */,
				9A635AB41F9D142C005ACA9E /* MainWindow.mm */,
				9A635AB51F9D142C005ACA9E /* MainWindow.xib */,
				9A635C971F9D392F005ACA9E /* WhiteArea.h */,
				9A635C981F9D392F005ACA9E /* WhiteArea.mm */,
			);
			path = macos;
			sourceTree = "<group>";
		};
		9A635C8D1F9D17AF005ACA9E /* Frameworks */ = {
			isa = PBXGroup;
			children = (
				9AF8E79C1F9FE735003CBDB4 /* libaura.dylib */,
				9A635C8F1F9D17C1005ACA9E /* Cocoa.framework */,
				9A635C8E1F9D17B0005ACA9E /* CoreFoundation.framework */,
			);
			name = Frameworks;
			sourceTree = "<group>";
		};
		9A7333D81F9FB6CF00F6BC37 /* Products */ = {
			isa = PBXGroup;
			children = (
				9A7333DE1F9FB6CF00F6BC37 /* libace.dylib */,
				9A7333E01F9FB6CF00F6BC37 /* libios_ace.a */,
				9A7333E21F9FB6CF00F6BC37 /* ace_iosTests.xctest */,
			);
			name = Products;
			sourceTree = "<group>";
		};
		9A7FF133206C42D7003F71B4 /* win32 */ = {
			isa = PBXGroup;
			children = (
				9A7FF131206C42D1003F71B4 /* win32_dialog2.cpp */,
			);
			name = win32;
			sourceTree = "<group>";
		};
		9ADD35331F9FCB3C0075830F /* Products */ = {
			isa = PBXGroup;
			children = (
				9ADD353A1F9FCB3C0075830F /* libdraw2d_quartz2d.dylib */,
				9ADD353C1F9FCB3C0075830F /* libdraw2d_quartz2d.a */,
				9ADD353E1F9FCB3C0075830F /* draw2d_quartz2d_iosTests.xctest */,
			);
			name = Products;
			sourceTree = "<group>";
		};
/* End PBXGroup section */

/* Begin PBXNativeTarget section */
		070B8EE91B6E53F900D26137 /* Quasar Science Update Utility macOS V0.05 */ = {
			isa = PBXNativeTarget;
			buildConfigurationList = 070B8F071B6E53FA00D26137 /* Build configuration list for PBXNativeTarget "Quasar Science Update Utility macOS V0.05" */;
			buildPhases = (
				070B8EE61B6E53F900D26137 /* Sources */,
				070B8EE71B6E53F900D26137 /* Frameworks */,
				070B8EE81B6E53F900D26137 /* Resources */,
				076A24D91B6E799300BF6C7D /* CopyFiles */,
			);
			buildRules = (
			);
			dependencies = (
				9AA948F8205232EC001AD88D /* PBXTargetDependency */,
				9AA948F6205232E6001AD88D /* PBXTargetDependency */,
				9AA9BAB71FC258AE00A3341D /* PBXTargetDependency */,
				9AA9BAA81FC2582F00A3341D /* PBXTargetDependency */,
				9AA9BAB41FC2582F00A3341D /* PBXTargetDependency */,
			);
			name = "Quasar Science Update Utility macOS V0.05";
			productName = "Hello Multiverse!!";
			productReference = 070B8EEA1B6E53F900D26137 /* Quasar Science Update Utility.app */;
			productType = "com.apple.product-type.application";
		};
		070B8EFC1B6E53FA00D26137 /* Hello Multiverse!!Tests */ = {
			isa = PBXNativeTarget;
			buildConfigurationList = 070B8F0A1B6E53FA00D26137 /* Build configuration list for PBXNativeTarget "Hello Multiverse!!Tests" */;
			buildPhases = (
				070B8EF91B6E53FA00D26137 /* Sources */,
				070B8EFA1B6E53FA00D26137 /* Frameworks */,
				070B8EFB1B6E53FA00D26137 /* Resources */,
			);
			buildRules = (
			);
			dependencies = (
				070B8EFF1B6E53FA00D26137 /* PBXTargetDependency */,
			);
			name = "Hello Multiverse!!Tests";
			productName = "Hello Multiverse!!Tests";
			productReference = 070B8EFD1B6E53FA00D26137 /* Hello Multiverse!!Tests.xctest */;
			productType = "com.apple.product-type.bundle.unit-test";
		};
/* End PBXNativeTarget section */

/* Begin PBXProject section */
		070B8EE21B6E53F900D26137 /* Project object */ = {
			isa = PBXProject;
			attributes = {
				LastUpgradeCheck = 0900;
				ORGANIZATIONNAME = "ca2 Desenvolvimento de Software Ltdal";
				TargetAttributes = {
					070B8EE91B6E53F900D26137 = {
						CreatedOnToolsVersion = 6.4;
						DevelopmentTeam = L8N5V6TZE5;
						ProvisioningStyle = Automatic;
					};
					070B8EFC1B6E53FA00D26137 = {
						CreatedOnToolsVersion = 6.4;
						TestTargetID = 070B8EE91B6E53F900D26137;
					};
				};
			};
			buildConfigurationList = 070B8EE51B6E53F900D26137 /* Build configuration list for PBXProject "Quasar Science Update Utility" */;
			compatibilityVersion = "Xcode 6.3";
			developmentRegion = English;
			hasScannedForEncodings = 0;
			knownRegions = (
				en,
				Base,
			);
			mainGroup = 070B8EE11B6E53F900D26137;
			productRefGroup = 070B8EEB1B6E53F900D26137 /* Products */;
			projectDirPath = "";
			projectReferences = (
				{
					ProductGroup = 9A7333D81F9FB6CF00F6BC37 /* Products */;
					ProjectRef = 9A7333D71F9FB6CF00F6BC37 /* ace.xcodeproj */;
				},
				{
					ProductGroup = 076A24091B6E772400BF6C7D /* Products */;
					ProjectRef = 076A24081B6E772400BF6C7D /* aura.xcodeproj */;
				},
				{
					ProductGroup = 9A61A27020521A4300DEF2F5 /* Products */;
					ProjectRef = 9A61A26F20521A4300DEF2F5 /* axisidn.xcodeproj */;
				},
				{
					ProductGroup = 9A61A28120521AEA00DEF2F5 /* Products */;
					ProjectRef = 9A61A28020521AEA00DEF2F5 /* axiswinpr.xcodeproj */;
				},
				{
					ProductGroup = 9ADD35331F9FCB3C0075830F /* Products */;
					ProjectRef = 9ADD35321F9FCB3C0075830F /* draw2d_quartz2d.xcodeproj */;
				},
			);
			projectRoot = "";
			targets = (
				070B8EE91B6E53F900D26137 /* Quasar Science Update Utility macOS V0.05 */,
				070B8EFC1B6E53FA00D26137 /* Hello Multiverse!!Tests */,
			);
		};
/* End PBXProject section */

/* Begin PBXReferenceProxy section */
		076A243F1B6E772400BF6C7D /* libaura.dylib */ = {
			isa = PBXReferenceProxy;
			fileType = "compiled.mach-o.dylib";
			path = libaura.dylib;
			remoteRef = 076A243E1B6E772400BF6C7D /* PBXContainerItemProxy */;
			sourceTree = BUILT_PRODUCTS_DIR;
		};
		076A24411B6E772400BF6C7D /* libios_aura.a */ = {
			isa = PBXReferenceProxy;
			fileType = "compiled.mach-o.dylib";
			path = libios_aura.a;
			remoteRef = 076A24401B6E772400BF6C7D /* PBXContainerItemProxy */;
			sourceTree = BUILT_PRODUCTS_DIR;
		};
		076A24431B6E772400BF6C7D /* aura_iosTests.xctest */ = {
			isa = PBXReferenceProxy;
			fileType = wrapper.cfbundle;
			path = aura_iosTests.xctest;
			remoteRef = 076A24421B6E772400BF6C7D /* PBXContainerItemProxy */;
			sourceTree = BUILT_PRODUCTS_DIR;
		};
		9A61A27520521A4300DEF2F5 /* libaxisidn.dylib */ = {
			isa = PBXReferenceProxy;
			fileType = "compiled.mach-o.dylib";
			path = libaxisidn.dylib;
			remoteRef = 9A61A27420521A4300DEF2F5 /* PBXContainerItemProxy */;
			sourceTree = BUILT_PRODUCTS_DIR;
		};
		9A61A27720521A4300DEF2F5 /* libios_axisidn.a */ = {
			isa = PBXReferenceProxy;
			fileType = "compiled.mach-o.dylib";
			path = libios_axisidn.a;
			remoteRef = 9A61A27620521A4300DEF2F5 /* PBXContainerItemProxy */;
			sourceTree = BUILT_PRODUCTS_DIR;
		};
		9A61A28620521AEA00DEF2F5 /* libaxiswinpr.dylib */ = {
			isa = PBXReferenceProxy;
			fileType = "compiled.mach-o.dylib";
			path = libaxiswinpr.dylib;
			remoteRef = 9A61A28520521AEA00DEF2F5 /* PBXContainerItemProxy */;
			sourceTree = BUILT_PRODUCTS_DIR;
		};
		9A61A28820521AEA00DEF2F5 /* libios_axiswinpr.a */ = {
			isa = PBXReferenceProxy;
			fileType = "compiled.mach-o.dylib";
			path = libios_axiswinpr.a;
			remoteRef = 9A61A28720521AEA00DEF2F5 /* PBXContainerItemProxy */;
			sourceTree = BUILT_PRODUCTS_DIR;
		};
		9A7333DE1F9FB6CF00F6BC37 /* libace.dylib */ = {
			isa = PBXReferenceProxy;
			fileType = "compiled.mach-o.dylib";
			path = libace.dylib;
			remoteRef = 9A7333DD1F9FB6CF00F6BC37 /* PBXContainerItemProxy */;
			sourceTree = BUILT_PRODUCTS_DIR;
		};
		9A7333E01F9FB6CF00F6BC37 /* libios_ace.a */ = {
			isa = PBXReferenceProxy;
			fileType = archive.ar;
			path = libios_ace.a;
			remoteRef = 9A7333DF1F9FB6CF00F6BC37 /* PBXContainerItemProxy */;
			sourceTree = BUILT_PRODUCTS_DIR;
		};
		9A7333E21F9FB6CF00F6BC37 /* ace_iosTests.xctest */ = {
			isa = PBXReferenceProxy;
			fileType = wrapper.cfbundle;
			path = ace_iosTests.xctest;
			remoteRef = 9A7333E11F9FB6CF00F6BC37 /* PBXContainerItemProxy */;
			sourceTree = BUILT_PRODUCTS_DIR;
		};
		9ADD353A1F9FCB3C0075830F /* libdraw2d_quartz2d.dylib */ = {
			isa = PBXReferenceProxy;
			fileType = "compiled.mach-o.dylib";
			path = libdraw2d_quartz2d.dylib;
			remoteRef = 9ADD35391F9FCB3C0075830F /* PBXContainerItemProxy */;
			sourceTree = BUILT_PRODUCTS_DIR;
		};
		9ADD353C1F9FCB3C0075830F /* libdraw2d_quartz2d.a */ = {
			isa = PBXReferenceProxy;
			fileType = "compiled.mach-o.dylib";
			name = libdraw2d_quartz2d.a;
			path = libios_draw2d_quartz2d.a;
			remoteRef = 9ADD353B1F9FCB3C0075830F /* PBXContainerItemProxy */;
			sourceTree = BUILT_PRODUCTS_DIR;
		};
		9ADD353E1F9FCB3C0075830F /* draw2d_quartz2d_iosTests.xctest */ = {
			isa = PBXReferenceProxy;
			fileType = wrapper.cfbundle;
			path = draw2d_quartz2d_iosTests.xctest;
			remoteRef = 9ADD353D1F9FCB3C0075830F /* PBXContainerItemProxy */;
			sourceTree = BUILT_PRODUCTS_DIR;
		};
/* End PBXReferenceProxy section */

/* Begin PBXResourcesBuildPhase section */
		070B8EE81B6E53F900D26137 /* Resources */ = {
			isa = PBXResourcesBuildPhase;
			buildActionMask = 2147483647;
			files = (
				9A635BCE1F9D142F005ACA9E /* Images.xcassets in Resources */,
				9A635BD21F9D142F005ACA9E /* MainWindow.xib in Resources */,
				9A635C2B1F9D142F005ACA9E /* qslogo.png in Resources */,
				9A635BCB1F9D142F005ACA9E /* MainMenu.xib in Resources */,
			);
			runOnlyForDeploymentPostprocessing = 0;
		};
		070B8EFB1B6E53FA00D26137 /* Resources */ = {
			isa = PBXResourcesBuildPhase;
			buildActionMask = 2147483647;
			files = (
			);
			runOnlyForDeploymentPostprocessing = 0;
		};
/* End PBXResourcesBuildPhase section */

/* Begin PBXSourcesBuildPhase section */
		070B8EE61B6E53F900D26137 /* Sources */ = {
			isa = PBXSourcesBuildPhase;
			buildActionMask = 2147483647;
			files = (
				9AB8E3E12051FE7C005AC776 /* macos_main_interface.cpp in Sources */,
				9A635BD41F9D142F005ACA9E /* macos.mm in Sources */,
				9A635BD01F9D142F005ACA9E /* main.cpp in Sources */,
				9A7FF12F206C4280003F71B4 /* logprintf.cpp in Sources */,
				9A635C991F9D392F005ACA9E /* WhiteArea.mm in Sources */,
				9AA9BADD1FC263FD00A3341D /* main_interface.cpp in Sources */,
				9A7FF130206C4280003F71B4 /* serial_ymodem.cpp in Sources */,
				9A635BCA1F9D142F005ACA9E /* app.mm in Sources */,
				9A635BD11F9D142F005ACA9E /* MainWindow.mm in Sources */,
				9A635C361F9D142F005ACA9E /* simple_log.cpp in Sources */,
				9A635BD31F9D142F005ACA9E /* macos.cpp in Sources */,
				9A635C321F9D142F005ACA9E /* nativeui_application.cpp in Sources */,
				9A7FF12E206C4280003F71B4 /* serial_util.cpp in Sources */,
			);
			runOnlyForDeploymentPostprocessing = 0;
		};
		070B8EF91B6E53FA00D26137 /* Sources */ = {
			isa = PBXSourcesBuildPhase;
			buildActionMask = 2147483647;
			files = (
				070B8F041B6E53FA00D26137 /* Hello_Multiverse__Tests.m in Sources */,
			);
			runOnlyForDeploymentPostprocessing = 0;
		};
/* End PBXSourcesBuildPhase section */

/* Begin PBXTargetDependency section */
		070B8EFF1B6E53FA00D26137 /* PBXTargetDependency */ = {
			isa = PBXTargetDependency;
			target = 070B8EE91B6E53F900D26137 /* Quasar Science Update Utility macOS V0.05 */;
			targetProxy = 070B8EFE1B6E53FA00D26137 /* PBXContainerItemProxy */;
		};
		9AA948F6205232E6001AD88D /* PBXTargetDependency */ = {
			isa = PBXTargetDependency;
			name = axisidn;
			targetProxy = 9AA948F5205232E6001AD88D /* PBXContainerItemProxy */;
		};
		9AA948F8205232EC001AD88D /* PBXTargetDependency */ = {
			isa = PBXTargetDependency;
			name = axiswinpr;
			targetProxy = 9AA948F7205232EC001AD88D /* PBXContainerItemProxy */;
		};
		9AA9BAA81FC2582F00A3341D /* PBXTargetDependency */ = {
			isa = PBXTargetDependency;
			name = aura;
			targetProxy = 9AA9BAA71FC2582F00A3341D /* PBXContainerItemProxy */;
		};
		9AA9BAB41FC2582F00A3341D /* PBXTargetDependency */ = {
			isa = PBXTargetDependency;
			name = draw2d_quartz2d;
			targetProxy = 9AA9BAB31FC2582F00A3341D /* PBXContainerItemProxy */;
		};
		9AA9BAB71FC258AE00A3341D /* PBXTargetDependency */ = {
			isa = PBXTargetDependency;
			name = ace;
			targetProxy = 9AA9BAB61FC258AE00A3341D /* PBXContainerItemProxy */;
		};
/* End PBXTargetDependency section */

/* Begin PBXVariantGroup section */
		9A635AAB1F9D142C005ACA9E /* MainMenu.xib */ = {
			isa = PBXVariantGroup;
			children = (
				9A635AAC1F9D142C005ACA9E /* Base */,
			);
			name = MainMenu.xib;
			sourceTree = "<group>";
		};
/* End PBXVariantGroup section */

/* Begin XCBuildConfiguration section */
		070B8F051B6E53FA00D26137 /* Debug */ = {
			isa = XCBuildConfiguration;
			buildSettings = {
				ALWAYS_SEARCH_USER_PATHS = YES;
				CLANG_CXX_LANGUAGE_STANDARD = "c++14";
				CLANG_CXX_LIBRARY = "libc++";
				CLANG_ENABLE_MODULES = YES;
				CLANG_ENABLE_OBJC_ARC = YES;
				CLANG_WARN_BLOCK_CAPTURE_AUTORELEASING = YES;
				CLANG_WARN_BOOL_CONVERSION = YES;
				CLANG_WARN_COMMA = YES;
				CLANG_WARN_CONSTANT_CONVERSION = YES;
				CLANG_WARN_DIRECT_OBJC_ISA_USAGE = YES_ERROR;
				CLANG_WARN_EMPTY_BODY = YES;
				CLANG_WARN_ENUM_CONVERSION = YES;
				CLANG_WARN_INFINITE_RECURSION = YES;
				CLANG_WARN_INT_CONVERSION = YES;
				CLANG_WARN_NON_LITERAL_NULL_CONVERSION = YES;
				CLANG_WARN_OBJC_LITERAL_CONVERSION = YES;
				CLANG_WARN_OBJC_ROOT_CLASS = YES_ERROR;
				CLANG_WARN_RANGE_LOOP_ANALYSIS = YES;
				CLANG_WARN_STRICT_PROTOTYPES = YES;
				CLANG_WARN_SUSPICIOUS_MOVE = YES;
				CLANG_WARN_UNREACHABLE_CODE = YES;
				CLANG_WARN__DUPLICATE_METHOD_MATCH = YES;
				COPY_PHASE_STRIP = NO;
				DEBUG_INFORMATION_FORMAT = dwarf;
				ENABLE_STRICT_OBJC_MSGSEND = YES;
				ENABLE_TESTABILITY = YES;
				GCC_C_LANGUAGE_STANDARD = gnu99;
				GCC_DYNAMIC_NO_PIC = NO;
				GCC_NO_COMMON_BLOCKS = YES;
				GCC_OPTIMIZATION_LEVEL = 0;
				GCC_PREPROCESSOR_DEFINITIONS = (
					"DEBUG=1",
					"$(inherited)",
				);
				GCC_SYMBOLS_PRIVATE_EXTERN = NO;
				GCC_WARN_64_TO_32_BIT_CONVERSION = YES;
				GCC_WARN_ABOUT_RETURN_TYPE = YES_ERROR;
				GCC_WARN_UNDECLARED_SELECTOR = YES;
				GCC_WARN_UNINITIALIZED_AUTOS = YES_AGGRESSIVE;
				GCC_WARN_UNUSED_FUNCTION = YES;
				GCC_WARN_UNUSED_VARIABLE = YES;
				LD_RUNPATH_SEARCH_PATHS = "@loader_path";
				MACOSX_DEPLOYMENT_TARGET = 10.8;
				MTL_ENABLE_DEBUG_INFO = YES;
				ONLY_ACTIVE_ARCH = YES;
				SDKROOT = macosx;
				USER_HEADER_SEARCH_PATHS = "$(WorkspaceDir)/../../../include $(WorkspaceDir)/../../../platform/include $(WorkspaceDir)/../../../app/include . .. $(WorkspaceDir)/../../.. $(WorkspaceDir)/../../../app $(WorkspaceDir)/../../../app/appseed $(WorkspaceDir)/../../../app/appseed/core $(WorkspaceDir)/../../../app/appseed/base $(WorkspaceDir)/../../../app/appseed/axis $(WorkspaceDir)/../../../app/appseed/aura $(WorkspaceDir)/../.. $(WorkspaceDir)/../../base/include $(WorkspaceDir)/../../../app/base/include $(WorkspaceDir)/../../appseed $(WorkspaceDir)/../../../app/base";
				WorkspaceDir = "$(SRCROOT)/../../../platform/seed/metaseed";
			};
			name = Debug;
		};
		070B8F061B6E53FA00D26137 /* Release */ = {
			isa = XCBuildConfiguration;
			buildSettings = {
				ALWAYS_SEARCH_USER_PATHS = YES;
				CLANG_CXX_LANGUAGE_STANDARD = "c++14";
				CLANG_CXX_LIBRARY = "libc++";
				CLANG_ENABLE_MODULES = YES;
				CLANG_ENABLE_OBJC_ARC = YES;
				CLANG_WARN_BLOCK_CAPTURE_AUTORELEASING = YES;
				CLANG_WARN_BOOL_CONVERSION = YES;
				CLANG_WARN_COMMA = YES;
				CLANG_WARN_CONSTANT_CONVERSION = YES;
				CLANG_WARN_DIRECT_OBJC_ISA_USAGE = YES_ERROR;
				CLANG_WARN_EMPTY_BODY = YES;
				CLANG_WARN_ENUM_CONVERSION = YES;
				CLANG_WARN_INFINITE_RECURSION = YES;
				CLANG_WARN_INT_CONVERSION = YES;
				CLANG_WARN_NON_LITERAL_NULL_CONVERSION = YES;
				CLANG_WARN_OBJC_LITERAL_CONVERSION = YES;
				CLANG_WARN_OBJC_ROOT_CLASS = YES_ERROR;
				CLANG_WARN_RANGE_LOOP_ANALYSIS = YES;
				CLANG_WARN_STRICT_PROTOTYPES = YES;
				CLANG_WARN_SUSPICIOUS_MOVE = YES;
				CLANG_WARN_UNREACHABLE_CODE = YES;
				CLANG_WARN__DUPLICATE_METHOD_MATCH = YES;
				COPY_PHASE_STRIP = NO;
				DEBUG_INFORMATION_FORMAT = "dwarf-with-dsym";
				ENABLE_NS_ASSERTIONS = NO;
				ENABLE_STRICT_OBJC_MSGSEND = YES;
				GCC_C_LANGUAGE_STANDARD = gnu99;
				GCC_NO_COMMON_BLOCKS = YES;
				GCC_WARN_64_TO_32_BIT_CONVERSION = YES;
				GCC_WARN_ABOUT_RETURN_TYPE = YES_ERROR;
				GCC_WARN_UNDECLARED_SELECTOR = YES;
				GCC_WARN_UNINITIALIZED_AUTOS = YES_AGGRESSIVE;
				GCC_WARN_UNUSED_FUNCTION = YES;
				GCC_WARN_UNUSED_VARIABLE = YES;
				LD_RUNPATH_SEARCH_PATHS = "@loader_path";
				MACOSX_DEPLOYMENT_TARGET = 10.8;
				MTL_ENABLE_DEBUG_INFO = NO;
				SDKROOT = macosx;
				USER_HEADER_SEARCH_PATHS = "$(WorkspaceDir)/../../../include $(WorkspaceDir)/../../../platform/include $(WorkspaceDir)/../../../app/include . .. $(WorkspaceDir)/../../.. $(WorkspaceDir)/../../../app $(WorkspaceDir)/../../../app/appseed $(WorkspaceDir)/../../../app/appseed/core $(WorkspaceDir)/../../../app/appseed/base $(WorkspaceDir)/../../../app/appseed/axis $(WorkspaceDir)/../../../app/appseed/aura $(WorkspaceDir)/../.. $(WorkspaceDir)/../../base/include $(WorkspaceDir)/../../../app/base/include $(WorkspaceDir)/../../appseed $(WorkspaceDir)/../../../app/base";
				WorkspaceDir = "$(SRCROOT)/../../../platform/seed/metaseed";
			};
			name = Release;
		};
		070B8F081B6E53FA00D26137 /* Debug */ = {
			isa = XCBuildConfiguration;
			buildSettings = {
				ASSETCATALOG_COMPILER_APPICON_NAME = AppIcon;
				CODE_SIGN_IDENTITY = "Mac Developer";
				CODE_SIGN_STYLE = Automatic;
				COMBINE_HIDPI_IMAGES = YES;
				DEBUG_INFORMATION_FORMAT = "dwarf-with-dsym";
				DEVELOPMENT_TEAM = "";
				INFOPLIST_FILE = "$(SRCROOT)/macos/Info.plist";
				LIBRARY_SEARCH_PATHS = (
					"$(inherited)",
					"$(PROJECT_DIR)/nsisExamples/Plugin/nsis",
				);
				PRODUCT_BUNDLE_IDENTIFIER = "com.ca2.app-ca2-quasar-science-update-utility";
				PRODUCT_NAME = "Quasar Science Update Utility";
				PROVISIONING_PROFILE_SPECIFIER = "";
			};
			name = Debug;
		};
		070B8F091B6E53FA00D26137 /* Release */ = {
			isa = XCBuildConfiguration;
			buildSettings = {
				ASSETCATALOG_COMPILER_APPICON_NAME = AppIcon;
				CODE_SIGN_IDENTITY = "Mac Developer";
				CODE_SIGN_STYLE = Automatic;
				COMBINE_HIDPI_IMAGES = YES;
				DEBUG_INFORMATION_FORMAT = "dwarf-with-dsym";
				DEVELOPMENT_TEAM = "";
				INFOPLIST_FILE = "$(SRCROOT)/macos/Info.plist";
				LIBRARY_SEARCH_PATHS = (
					"$(inherited)",
					"$(PROJECT_DIR)/nsisExamples/Plugin/nsis",
				);
				PRODUCT_BUNDLE_IDENTIFIER = "com.ca2.app-ca2-quasar-science-update-utility";
				PRODUCT_NAME = "Quasar Science Update Utility";
				PROVISIONING_PROFILE_SPECIFIER = "";
			};
			name = Release;
		};
		070B8F0B1B6E53FA00D26137 /* Debug */ = {
			isa = XCBuildConfiguration;
			buildSettings = {
				BUNDLE_LOADER = "$(TEST_HOST)";
				COMBINE_HIDPI_IMAGES = YES;
				FRAMEWORK_SEARCH_PATHS = (
					"$(DEVELOPER_FRAMEWORKS_DIR)",
					"$(inherited)",
				);
				GCC_PREPROCESSOR_DEFINITIONS = (
					"DEBUG=1",
					"$(inherited)",
				);
				INFOPLIST_FILE = "Hello Multiverse!!Tests/Info.plist";
				LD_RUNPATH_SEARCH_PATHS = "$(inherited) @executable_path/../Frameworks @loader_path/../Frameworks";
				PRODUCT_BUNDLE_IDENTIFIER = "com.ca2.$(PRODUCT_NAME:rfc1034identifier)";
				PRODUCT_NAME = "$(TARGET_NAME)";
				TEST_HOST = "$(BUILT_PRODUCTS_DIR)/Hello Multiverse!!.app/Contents/MacOS/Hello Multiverse!!";
			};
			name = Debug;
		};
		070B8F0C1B6E53FA00D26137 /* Release */ = {
			isa = XCBuildConfiguration;
			buildSettings = {
				BUNDLE_LOADER = "$(TEST_HOST)";
				COMBINE_HIDPI_IMAGES = YES;
				FRAMEWORK_SEARCH_PATHS = (
					"$(DEVELOPER_FRAMEWORKS_DIR)",
					"$(inherited)",
				);
				INFOPLIST_FILE = "Hello Multiverse!!Tests/Info.plist";
				LD_RUNPATH_SEARCH_PATHS = "$(inherited) @executable_path/../Frameworks @loader_path/../Frameworks";
				PRODUCT_BUNDLE_IDENTIFIER = "com.ca2.$(PRODUCT_NAME:rfc1034identifier)";
				PRODUCT_NAME = "$(TARGET_NAME)";
				TEST_HOST = "$(BUILT_PRODUCTS_DIR)/Hello Multiverse!!.app/Contents/MacOS/Hello Multiverse!!";
			};
			name = Release;
		};
/* End XCBuildConfiguration section */

/* Begin XCConfigurationList section */
		070B8EE51B6E53F900D26137 /* Build configuration list for PBXProject "Quasar Science Update Utility" */ = {
			isa = XCConfigurationList;
			buildConfigurations = (
				070B8F051B6E53FA00D26137 /* Debug */,
				070B8F061B6E53FA00D26137 /* Release */,
			);
			defaultConfigurationIsVisible = 0;
			defaultConfigurationName = Release;
		};
		070B8F071B6E53FA00D26137 /* Build configuration list for PBXNativeTarget "Quasar Science Update Utility macOS V0.05" */ = {
			isa = XCConfigurationList;
			buildConfigurations = (
				070B8F081B6E53FA00D26137 /* Debug */,
				070B8F091B6E53FA00D26137 /* Release */,
			);
			defaultConfigurationIsVisible = 0;
			defaultConfigurationName = Release;
		};
		070B8F0A1B6E53FA00D26137 /* Build configuration list for PBXNativeTarget "Hello Multiverse!!Tests" */ = {
			isa = XCConfigurationList;
			buildConfigurations = (
				070B8F0B1B6E53FA00D26137 /* Debug */,
				070B8F0C1B6E53FA00D26137 /* Release */,
			);
			defaultConfigurationIsVisible = 0;
			defaultConfigurationName = Release;
		};
/* End XCConfigurationList section */
	};
	rootObject = 070B8EE21B6E53F900D26137 /* Project object */;
}
