<?xml version="1.0" encoding="utf-8"?>
<Project ToolsVersion="4.0" xmlns="http://schemas.microsoft.com/developer/msbuild/2003">
  <ItemGroup>
    <Filter Include="Source Files">
      <UniqueIdentifier>{8e5d91c7-edc0-4d92-b733-aeffca5af850}</UniqueIdentifier>
    </Filter>
    <Filter Include="Header Files">
      <UniqueIdentifier>{93995380-89BD-4b04-88EB-625FBE52EBFB}</UniqueIdentifier>
      <Extensions>h;hpp;hxx;hm;inl;inc;xsd</Extensions>
    </Filter>
  </ItemGroup>
  <ItemGroup>
    <ClCompile Include="framework.cpp">
      <Filter>Source Files</Filter>
    </ClCompile>
    <ClCompile Include="grbl_merge_tool.cpp">
      <Filter>Source Files</Filter>
    </ClCompile>
    <ClCompile Include=".\grbl_merge_tool_application.cpp">
      <Filter>Source Files</Filter>
    </ClCompile>
    <ClCompile Include=".\grbl_merge_tool_document.cpp">
      <Filter>Source Files</Filter>
    </ClCompile>
    <ClCompile Include=".\grbl_merge_tool_frame.cpp">
      <Filter>Source Files</Filter>
    </ClCompile>
    <ClCompile Include="grbl_merge_tool_main_form_list.cpp">
      <Filter>Source Files</Filter>
    </ClCompile>
    <ClCompile Include="grbl_merge_tool_main_frame.cpp">
      <Filter>Source Files</Filter>
    </ClCompile>
    <ClCompile Include="simple_dialog.cpp">
      <Filter>Source Files</Filter>
    </ClCompile>
    <ClCompile Include="grbl_merge_tool_task_dialog.cpp">
      <Filter>Source Files</Filter>
    </ClCompile>
    <ClCompile Include="simple_csv.cpp">
      <Filter>Source Files</Filter>
    </ClCompile>
    <ClCompile Include="grbl_merge_tool_main_view.cpp">
      <Filter>Source Files</Filter>
    </ClCompile>
    <ClCompile Include="grbl_merge_tool_pane_view.cpp">
      <Filter>Source Files</Filter>
    </ClCompile>
    <ClCompile Include="aaa_want_to_remove_grbl_merge_tool_view_update_hint.cpp">
      <Filter>Source Files</Filter>
    </ClCompile>
    <ClCompile Include="grbl_merge_tool_command.cpp">
      <Filter>Source Files</Filter>
    </ClCompile>
    <ClCompile Include="grbl_merge_tool_control.cpp">
      <Filter>Source Files</Filter>
    </ClCompile>
    <ClCompile Include="grbl_merge_tool_control_view.cpp">
      <Filter>Source Files</Filter>
    </ClCompile>
    <ClCompile Include="windows_browse_folder.cpp">
      <Filter>Source Files</Filter>
    </ClCompile>
    <ClCompile Include="windows_itemidlist.cpp">
      <Filter>Source Files</Filter>
    </ClCompile>
    <ClCompile Include="grbl_merge_tool_top_frame.cpp">
      <Filter>Source Files</Filter>
    </ClCompile>
    <ClCompile Include="grbl_merge_tool_top_pane_view.cpp">
      <Filter>Source Files</Filter>
    </ClCompile>
  </ItemGroup>
  <ItemGroup>
    <ClInclude Include="framework.h">
      <Filter>Header Files</Filter>
    </ClInclude>
    <ClInclude Include="grbl_merge_tool_application.h">
      <Filter>Header Files</Filter>
    </ClInclude>
    <ClInclude Include="grbl_merge_tool_document.h">
      <Filter>Header Files</Filter>
    </ClInclude>
    <ClInclude Include="grbl_merge_tool_frame.h">
      <Filter>Header Files</Filter>
    </ClInclude>
    <ClInclude Include="grbl_merge_tool.h">
      <Filter>Header Files</Filter>
    </ClInclude>
    <ClInclude Include="grbl_merge_tool_main_form_list.h">
      <Filter>Header Files</Filter>
    </ClInclude>
    <ClInclude Include="grbl_merge_tool_main_frame.h">
      <Filter>Header Files</Filter>
    </ClInclude>
    <ClInclude Include="simple_dialog.h">
      <Filter>Header Files</Filter>
    </ClInclude>
    <ClInclude Include="grbl_merge_tool_task_dialog.h">
      <Filter>Header Files</Filter>
    </ClInclude>
    <ClInclude Include="simple_csv.h">
      <Filter>Header Files</Filter>
    </ClInclude>
    <ClInclude Include="grbl_merge_tool_main_view.h">
      <Filter>Header Files</Filter>
    </ClInclude>
    <ClInclude Include="grbl_merge_tool_pane_view.h">
      <Filter>Header Files</Filter>
    </ClInclude>
    <ClInclude Include="aaa_want_to_remove_grbl_merge_tool_view_update_hint.h">
      <Filter>Header Files</Filter>
    </ClInclude>
    <ClInclude Include="grbl_merge_tool_command.h">
      <Filter>Header Files</Filter>
    </ClInclude>
    <ClInclude Include="grbl_merge_tool_control.h">
      <Filter>Header Files</Filter>
    </ClInclude>
    <ClInclude Include="grbl_merge_tool_control_view.h">
      <Filter>Header Files</Filter>
    </ClInclude>
    <ClInclude Include="windows_browse_folder.h">
      <Filter>Header Files</Filter>
    </ClInclude>
    <ClInclude Include="windows_itemidlist.h">
      <Filter>Header Files</Filter>
    </ClInclude>
    <ClInclude Include="grbl_merge_tool_top_frame.h">
      <Filter>Header Files</Filter>
    </ClInclude>
    <ClInclude Include="grbl_merge_tool_top_pane_view.h">
      <Filter>Header Files</Filter>
    </ClInclude>
  </ItemGroup>
  <ItemGroup>
    <None Include="app_ca2_grbl_merge_tool.def">
      <Filter>Source Files</Filter>
    </None>
  </ItemGroup>
</Project>