<?xml version="1.0" encoding="utf-8"?>
<Project ToolsVersion="4.0" xmlns="http://schemas.microsoft.com/developer/msbuild/2003">
  <ItemGroup>
    <ClCompile Include="framework.cpp">
      <Filter>Source Files</Filter>
    </ClCompile>
    <ClCompile Include="_cube.cpp">
      <Filter>Source Files</Filter>
    </ClCompile>
    <ClCompile Include="grbl_merge_tool.cpp">
      <Filter>Source Files</Filter>
    </ClCompile>
    <ClCompile Include="grbl_merge_tool_application.cpp">
      <Filter>Source Files</Filter>
    </ClCompile>
    <ClCompile Include="main_interface.cpp">
      <Filter>Source Files</Filter>
    </ClCompile>
    <ClCompile Include="win32_main_interface.cpp">
      <Filter>Source Files</Filter>
    </ClCompile>
    <ClCompile Include="win32_main_dialog.cpp">
      <Filter>Source Files</Filter>
    </ClCompile>
    <ClCompile Include="win32_dialog2.cpp">
      <Filter>Source Files</Filter>
    </ClCompile>
    <ClCompile Include="win32_dialog1.cpp">
      <Filter>Source Files</Filter>
    </ClCompile>
    <ClCompile Include="win32_child_dialog.cpp">
      <Filter>Source Files</Filter>
    </ClCompile>
    <ClCompile Include="linux_dialog.cpp">
      <Filter>Source Files\linux</Filter>
    </ClCompile>
    <ClCompile Include="linux_main.cpp">
      <Filter>Source Files\linux</Filter>
    </ClCompile>
    <ClCompile Include="linux_os_dialog.cpp">
      <Filter>Source Files\linux</Filter>
    </ClCompile>
    <ClCompile Include="linux_os_font.cpp">
      <Filter>Source Files\linux</Filter>
    </ClCompile>
    <ClCompile Include="linux_os_window.cpp">
      <Filter>Source Files\linux</Filter>
    </ClCompile>
    <ClCompile Include="simple_log.cpp">
      <Filter>Source Files</Filter>
    </ClCompile>
    <ClCompile Include="logprintf.cpp">
      <Filter>Source Files</Filter>
    </ClCompile>
  </ItemGroup>
  <ItemGroup>
    <ClInclude Include="framework.h">
      <Filter>Header Files</Filter>
    </ClInclude>
    <ClInclude Include="resource.h">
      <Filter>Header Files</Filter>
    </ClInclude>
    <ClInclude Include="resource1.h">
      <Filter>Header Files</Filter>
    </ClInclude>
    <ClInclude Include="targetver.h">
      <Filter>Header Files</Filter>
    </ClInclude>
    <ClInclude Include="version.h">
      <Filter>Header Files</Filter>
    </ClInclude>
    <ClInclude Include="grbl_merge_tool.h">
      <Filter>Header Files</Filter>
    </ClInclude>
    <ClInclude Include="grbl_merge_tool_application.h">
      <Filter>Header Files</Filter>
    </ClInclude>
    <ClInclude Include="main_interface.h">
      <Filter>Header Files</Filter>
    </ClInclude>
    <ClInclude Include="win32_child_dialog.h">
      <Filter>Header Files</Filter>
    </ClInclude>
    <ClInclude Include="win32_dialog1.h">
      <Filter>Header Files</Filter>
    </ClInclude>
    <ClInclude Include="win32_main_dialog.h">
      <Filter>Header Files</Filter>
    </ClInclude>
    <ClInclude Include="win32.h">
      <Filter>Header Files</Filter>
    </ClInclude>
    <ClInclude Include="win32_dialog2.h">
      <Filter>Header Files</Filter>
    </ClInclude>
    <ClInclude Include="linux_dialog.h">
      <Filter>Header Files\linux</Filter>
    </ClInclude>
    <ClInclude Include="linux_os_dialog.h">
      <Filter>Header Files\linux</Filter>
    </ClInclude>
    <ClInclude Include="linux_os_font.h">
      <Filter>Header Files\linux</Filter>
    </ClInclude>
    <ClInclude Include="linux_os_window.h">
      <Filter>Header Files\linux</Filter>
    </ClInclude>
    <ClInclude Include="serial_util.h">
      <Filter>Header Files</Filter>
    </ClInclude>
  </ItemGroup>
  <ItemGroup>
    <Filter Include="Header Files">
      <UniqueIdentifier>{4c5721a5-bc88-44d0-a1d6-ac9510211a4f}</UniqueIdentifier>
    </Filter>
    <Filter Include="Source Files">
      <UniqueIdentifier>{f6408663-030b-4d07-aa77-eacc3c931327}</UniqueIdentifier>
    </Filter>
    <Filter Include="Resource Files">
      <UniqueIdentifier>{1aec5e0e-0c02-4a65-aceb-8270793fcab4}</UniqueIdentifier>
    </Filter>
    <Filter Include="Source Files\linux">
      <UniqueIdentifier>{41000386-da9d-45ca-940f-c7a6d2dbe9fa}</UniqueIdentifier>
    </Filter>
    <Filter Include="Header Files\linux">
      <UniqueIdentifier>{10742541-bffe-4509-ae4b-ac63dcc4e283}</UniqueIdentifier>
    </Filter>
  </ItemGroup>
  <ItemGroup>
    <Image Include="small.ico">
      <Filter>Resource Files</Filter>
    </Image>
    <Image Include="WindowsProject2.ico">
      <Filter>Resource Files</Filter>
    </Image>
    <Image Include="qslogo.png">
      <Filter>Resource Files</Filter>
    </Image>
  </ItemGroup>
  <ItemGroup>
    <ResourceCompile Include="Resource.rc">
      <Filter>Resource Files</Filter>
    </ResourceCompile>
  </ItemGroup>
  <ItemGroup>
    <Manifest Include="_app_grbl_merge_tool.manifest">
      <Filter>Resource Files</Filter>
    </Manifest>
  </ItemGroup>
  <ItemGroup>
    <None Include="zip1.bin" />
    <None Include="UpgradeCableDriver.zip" />
  </ItemGroup>
</Project>